// !$*UTF8*$!
{
	archiveVersion = 1;
	classes = {
	};
	objectVersion = 70;
	objects = {

/* Begin PBXBuildFile section */
		FA6EF0FB2C1EDE1400B628CF /* LiveActivityAttributes.swift in Sources */ = {isa = PBXBuildFile; fileRef = FA6EF0FA2C1EDE1300B628CF /* LiveActivityAttributes.swift */; };
		FA6EF0FC2C1EDE4700B628CF /* LiveActivityAttributes.swift in Sources */ = {isa = PBXBuildFile; fileRef = FA6EF0FA2C1EDE1300B628CF /* LiveActivityAttributes.swift */; };
		FA6EF21D2C1F15B800B628CF /* WidgetExtension.intentdefinition in Sources */ = {isa = PBXBuildFile; fileRef = FA6EF21C2C1F15B800B628CF /* WidgetExtension.intentdefinition */; };
		FA6EF2652C1F182F00B628CF /* WidgetExtension.intentdefinition in Sources */ = {isa = PBXBuildFile; fileRef = FA6EF21C2C1F15B800B628CF /* WidgetExtension.intentdefinition */; settings = {ATTRIBUTES = (no_codegen, ); }; };
		FA6EF26C2C1F18BC00B628CF /* Intents.framework in Frameworks */ = {isa = PBXBuildFile; fileRef = FA6EF26B2C1F18BC00B628CF /* Intents.framework */; };
		FA6EF26F2C1F18BC00B628CF /* IntentHandler.swift in Sources */ = {isa = PBXBuildFile; fileRef = FA6EF26E2C1F18BC00B628CF /* IntentHandler.swift */; };
		FA6EF2772C1F18BC00B628CF /* IntentsUI.framework in Frameworks */ = {isa = PBXBuildFile; fileRef = FA6EF2762C1F18BC00B628CF /* IntentsUI.framework */; };
		FA6EF27A2C1F18BC00B628CF /* IntentViewController.swift in Sources */ = {isa = PBXBuildFile; fileRef = FA6EF2792C1F18BC00B628CF /* IntentViewController.swift */; };
		FA6EF27D2C1F18BC00B628CF /* Base in Resources */ = {isa = PBXBuildFile; fileRef = FA6EF27C2C1F18BC00B628CF /* Base */; };
		FA6EF2812C1F18BD00B628CF /* IntentsExtensionUI.appex in Embed Foundation Extensions */ = {isa = PBXBuildFile; fileRef = FA6EF2752C1F18BC00B628CF /* IntentsExtensionUI.appex */; settings = {ATTRIBUTES = (RemoveHeadersOnCopy, ); }; };
		FA6EF2842C1F18BD00B628CF /* IntentsExtension.appex in Embed Foundation Extensions */ = {isa = PBXBuildFile; fileRef = FA6EF26A2C1F18BC00B628CF /* IntentsExtension.appex */; settings = {ATTRIBUTES = (RemoveHeadersOnCopy, ); }; };
		FA6EF28B2C1F1A7300B628CF /* WidgetExtension.intentdefinition in Sources */ = {isa = PBXBuildFile; fileRef = FA6EF21C2C1F15B800B628CF /* WidgetExtension.intentdefinition */; };
		FA6EF28C2C1F1A7300B628CF /* WidgetExtension.intentdefinition in Sources */ = {isa = PBXBuildFile; fileRef = FA6EF21C2C1F15B800B628CF /* WidgetExtension.intentdefinition */; };
		FA9FA1572C1ED352000EBBF4 /* DimigoMealApp.swift in Sources */ = {isa = PBXBuildFile; fileRef = FA9FA1562C1ED352000EBBF4 /* DimigoMealApp.swift */; };
		FA9FA16C2C1ED391000EBBF4 /* WidgetKit.framework in Frameworks */ = {isa = PBXBuildFile; fileRef = FA9FA16B2C1ED391000EBBF4 /* WidgetKit.framework */; };
		FA9FA16E2C1ED391000EBBF4 /* SwiftUI.framework in Frameworks */ = {isa = PBXBuildFile; fileRef = FA9FA16D2C1ED391000EBBF4 /* SwiftUI.framework */; };
		FA9FA17B2C1ED392000EBBF4 /* LiveActivity.appex in Embed Foundation Extensions */ = {isa = PBXBuildFile; fileRef = FA9FA1692C1ED391000EBBF4 /* LiveActivity.appex */; settings = {ATTRIBUTES = (RemoveHeadersOnCopy, ); }; };
		FA9FA1852C1ED3AA000EBBF4 /* WidgetKit.framework in Frameworks */ = {isa = PBXBuildFile; fileRef = FA9FA16B2C1ED391000EBBF4 /* WidgetKit.framework */; };
		FA9FA1862C1ED3AA000EBBF4 /* SwiftUI.framework in Frameworks */ = {isa = PBXBuildFile; fileRef = FA9FA16D2C1ED391000EBBF4 /* SwiftUI.framework */; };
		FA9FA1912C1ED3AB000EBBF4 /* WidgetExtension.appex in Embed Foundation Extensions */ = {isa = PBXBuildFile; fileRef = FA9FA1842C1ED3AA000EBBF4 /* WidgetExtension.appex */; settings = {ATTRIBUTES = (RemoveHeadersOnCopy, ); }; };
		FA9FA1F52C1ED4C0000EBBF4 /* LiveActivityBundle.swift in Sources */ = {isa = PBXBuildFile; fileRef = FA9FA1F42C1ED4C0000EBBF4 /* LiveActivityBundle.swift */; };
		FA9FA1F62C1ED4C0000EBBF4 /* LiveActivity.swift in Sources */ = {isa = PBXBuildFile; fileRef = FA9FA1F32C1ED4C0000EBBF4 /* LiveActivity.swift */; };
		FA9FA1FB2C1ED4D8000EBBF4 /* WidgetExtension.swift in Sources */ = {isa = PBXBuildFile; fileRef = FA9FA1F92C1ED4D8000EBBF4 /* WidgetExtension.swift */; };
		FA9FA1FC2C1ED4D8000EBBF4 /* WidgetExtensionBundle.swift in Sources */ = {isa = PBXBuildFile; fileRef = FA9FA1FA2C1ED4D8000EBBF4 /* WidgetExtensionBundle.swift */; };
/* End PBXBuildFile section */

/* Begin PBXContainerItemProxy section */
		FA6EF27F2C1F18BD00B628CF /* PBXContainerItemProxy */ = {
			isa = PBXContainerItemProxy;
			containerPortal = FA9FA14B2C1ED352000EBBF4 /* Project object */;
			proxyType = 1;
			remoteGlobalIDString = FA6EF2742C1F18BC00B628CF;
			remoteInfo = IntentsExtensionUI;
		};
		FA6EF2822C1F18BD00B628CF /* PBXContainerItemProxy */ = {
			isa = PBXContainerItemProxy;
			containerPortal = FA9FA14B2C1ED352000EBBF4 /* Project object */;
			proxyType = 1;
			remoteGlobalIDString = FA6EF2692C1F18BC00B628CF;
			remoteInfo = IntentsExtension;
		};
		FA9FA1792C1ED392000EBBF4 /* PBXContainerItemProxy */ = {
			isa = PBXContainerItemProxy;
			containerPortal = FA9FA14B2C1ED352000EBBF4 /* Project object */;
			proxyType = 1;
			remoteGlobalIDString = FA9FA1682C1ED391000EBBF4;
			remoteInfo = LiveActivityExtension;
		};
		FA9FA18F2C1ED3AB000EBBF4 /* PBXContainerItemProxy */ = {
			isa = PBXContainerItemProxy;
			containerPortal = FA9FA14B2C1ED352000EBBF4 /* Project object */;
			proxyType = 1;
			remoteGlobalIDString = FA9FA1832C1ED3AA000EBBF4;
			remoteInfo = WidgetExtensionExtension;
		};
/* End PBXContainerItemProxy section */

/* Begin PBXCopyFilesBuildPhase section */
		FA9FA17F2C1ED392000EBBF4 /* Embed Foundation Extensions */ = {
			isa = PBXCopyFilesBuildPhase;
			buildActionMask = 12;
			dstPath = "";
			dstSubfolderSpec = 13;
			files = (
				FA6EF2842C1F18BD00B628CF /* IntentsExtension.appex in Embed Foundation Extensions */,
				FA6EF2812C1F18BD00B628CF /* IntentsExtensionUI.appex in Embed Foundation Extensions */,
				FA9FA17B2C1ED392000EBBF4 /* LiveActivity.appex in Embed Foundation Extensions */,
				FA9FA1912C1ED3AB000EBBF4 /* WidgetExtension.appex in Embed Foundation Extensions */,
			);
			name = "Embed Foundation Extensions";
			runOnlyForDeploymentPostprocessing = 0;
		};
/* End PBXCopyFilesBuildPhase section */

/* Begin PBXFileReference section */
		FA6EF0F12C1EDC4A00B628CF /* Info.plist */ = {isa = PBXFileReference; lastKnownFileType = text.plist; path = Info.plist; sourceTree = "<group>"; };
		FA6EF0FA2C1EDE1300B628CF /* LiveActivityAttributes.swift */ = {isa = PBXFileReference; lastKnownFileType = sourcecode.swift; path = LiveActivityAttributes.swift; sourceTree = "<group>"; };
		FA6EF21A2C1F0C0A00B628CF /* WidgetExtension.entitlements */ = {isa = PBXFileReference; lastKnownFileType = text.plist.entitlements; path = WidgetExtension.entitlements; sourceTree = "<group>"; };
		FA6EF21C2C1F15B800B628CF /* WidgetExtension.intentdefinition */ = {isa = PBXFileReference; lastKnownFileType = file.intentdefinition; path = WidgetExtension.intentdefinition; sourceTree = "<group>"; };
		FA6EF26A2C1F18BC00B628CF /* IntentsExtension.appex */ = {isa = PBXFileReference; explicitFileType = "wrapper.app-extension"; includeInIndex = 0; path = IntentsExtension.appex; sourceTree = BUILT_PRODUCTS_DIR; };
		FA6EF26B2C1F18BC00B628CF /* Intents.framework */ = {isa = PBXFileReference; lastKnownFileType = wrapper.framework; name = Intents.framework; path = System/Library/Frameworks/Intents.framework; sourceTree = SDKROOT; };
		FA6EF26E2C1F18BC00B628CF /* IntentHandler.swift */ = {isa = PBXFileReference; lastKnownFileType = sourcecode.swift; path = IntentHandler.swift; sourceTree = "<group>"; };
		FA6EF2702C1F18BC00B628CF /* Info.plist */ = {isa = PBXFileReference; lastKnownFileType = text.plist.xml; path = Info.plist; sourceTree = "<group>"; };
		FA6EF2752C1F18BC00B628CF /* IntentsExtensionUI.appex */ = {isa = PBXFileReference; explicitFileType = "wrapper.app-extension"; includeInIndex = 0; path = IntentsExtensionUI.appex; sourceTree = BUILT_PRODUCTS_DIR; };
		FA6EF2762C1F18BC00B628CF /* IntentsUI.framework */ = {isa = PBXFileReference; lastKnownFileType = wrapper.framework; name = IntentsUI.framework; path = System/Library/Frameworks/IntentsUI.framework; sourceTree = SDKROOT; };
		FA6EF2792C1F18BC00B628CF /* IntentViewController.swift */ = {isa = PBXFileReference; lastKnownFileType = sourcecode.swift; path = IntentViewController.swift; sourceTree = "<group>"; };
		FA6EF27C2C1F18BC00B628CF /* Base */ = {isa = PBXFileReference; lastKnownFileType = file.storyboard; name = Base; path = Base.lproj/MainInterface.storyboard; sourceTree = "<group>"; };
		FA6EF27E2C1F18BD00B628CF /* Info.plist */ = {isa = PBXFileReference; lastKnownFileType = text.plist.xml; path = Info.plist; sourceTree = "<group>"; };
		FA9FA1532C1ED352000EBBF4 /* DimigoMeal.app */ = {isa = PBXFileReference; explicitFileType = wrapper.application; includeInIndex = 0; path = DimigoMeal.app; sourceTree = BUILT_PRODUCTS_DIR; };
		FA9FA1562C1ED352000EBBF4 /* DimigoMealApp.swift */ = {isa = PBXFileReference; lastKnownFileType = sourcecode.swift; path = DimigoMealApp.swift; sourceTree = "<group>"; };
		FA9FA15C2C1ED354000EBBF4 /* DimigoMeal.entitlements */ = {isa = PBXFileReference; lastKnownFileType = text.plist.entitlements; path = DimigoMeal.entitlements; sourceTree = "<group>"; };
		FA9FA1692C1ED391000EBBF4 /* LiveActivity.appex */ = {isa = PBXFileReference; explicitFileType = "wrapper.app-extension"; includeInIndex = 0; path = LiveActivity.appex; sourceTree = BUILT_PRODUCTS_DIR; };
		FA9FA16B2C1ED391000EBBF4 /* WidgetKit.framework */ = {isa = PBXFileReference; lastKnownFileType = wrapper.framework; name = WidgetKit.framework; path = System/Library/Frameworks/WidgetKit.framework; sourceTree = SDKROOT; };
		FA9FA16D2C1ED391000EBBF4 /* SwiftUI.framework */ = {isa = PBXFileReference; lastKnownFileType = wrapper.framework; name = SwiftUI.framework; path = System/Library/Frameworks/SwiftUI.framework; sourceTree = SDKROOT; };
		FA9FA1842C1ED3AA000EBBF4 /* WidgetExtension.appex */ = {isa = PBXFileReference; explicitFileType = "wrapper.app-extension"; includeInIndex = 0; path = WidgetExtension.appex; sourceTree = BUILT_PRODUCTS_DIR; };
		FA9FA1F22C1ED4C0000EBBF4 /* Info.plist */ = {isa = PBXFileReference; lastKnownFileType = text.plist.xml; path = Info.plist; sourceTree = "<group>"; };
		FA9FA1F32C1ED4C0000EBBF4 /* LiveActivity.swift */ = {isa = PBXFileReference; lastKnownFileType = sourcecode.swift; path = LiveActivity.swift; sourceTree = "<group>"; };
		FA9FA1F42C1ED4C0000EBBF4 /* LiveActivityBundle.swift */ = {isa = PBXFileReference; lastKnownFileType = sourcecode.swift; path = LiveActivityBundle.swift; sourceTree = "<group>"; };
		FA9FA1F82C1ED4D8000EBBF4 /* Info.plist */ = {isa = PBXFileReference; lastKnownFileType = text.plist.xml; path = Info.plist; sourceTree = "<group>"; };
		FA9FA1F92C1ED4D8000EBBF4 /* WidgetExtension.swift */ = {isa = PBXFileReference; lastKnownFileType = sourcecode.swift; path = WidgetExtension.swift; sourceTree = "<group>"; };
		FA9FA1FA2C1ED4D8000EBBF4 /* WidgetExtensionBundle.swift */ = {isa = PBXFileReference; lastKnownFileType = sourcecode.swift; path = WidgetExtensionBundle.swift; sourceTree = "<group>"; };
/* End PBXFileReference section */

/* Begin PBXFileSystemSynchronizedBuildFileExceptionSet section */
		FA6EF2162C1EF85A00B628CF /* PBXFileSystemSynchronizedBuildFileExceptionSet */ = {
			isa = PBXFileSystemSynchronizedBuildFileExceptionSet;
			membershipExceptions = (
				WidgetView.swift,
			);
			target = FA9FA1522C1ED352000EBBF4 /* DimigoMeal */;
		};
		FA9FA2002C1ED4EB000EBBF4 /* PBXFileSystemSynchronizedBuildFileExceptionSet */ = {
			isa = PBXFileSystemSynchronizedBuildFileExceptionSet;
			membershipExceptions = (
				MealModel.swift,
				ThemeModel.swift,
			);
			target = FA9FA1682C1ED391000EBBF4 /* LiveActivity */;
		};
		FA9FA2012C1ED4EB000EBBF4 /* PBXFileSystemSynchronizedBuildFileExceptionSet */ = {
			isa = PBXFileSystemSynchronizedBuildFileExceptionSet;
			membershipExceptions = (
				MealModel.swift,
				MealModel.xcdatamodeld,
				PersistenceController.swift,
				ThemeModel.swift,
			);
			target = FA9FA1832C1ED3AA000EBBF4 /* WidgetExtension */;
		};
		FA9FA2062C1ED503000EBBF4 /* PBXFileSystemSynchronizedBuildFileExceptionSet */ = {
			isa = PBXFileSystemSynchronizedBuildFileExceptionSet;
			membershipExceptions = (
				DateHelper.swift,
			);
			target = FA9FA1682C1ED391000EBBF4 /* LiveActivity */;
		};
		FA9FA2072C1ED503000EBBF4 /* PBXFileSystemSynchronizedBuildFileExceptionSet */ = {
			isa = PBXFileSystemSynchronizedBuildFileExceptionSet;
			membershipExceptions = (
				DateHelper.swift,
				MealHelper.swift,
			);
			target = FA9FA1832C1ED3AA000EBBF4 /* WidgetExtension */;
		};
		FA9FA20A2C1ED52D000EBBF4 /* PBXFileSystemSynchronizedBuildFileExceptionSet */ = {
			isa = PBXFileSystemSynchronizedBuildFileExceptionSet;
			membershipExceptions = (
				WidgetView.swift,
				WrappingHStack.swift,
			);
			target = FA9FA1682C1ED391000EBBF4 /* LiveActivity */;
		};
		FA9FA20B2C1ED52D000EBBF4 /* PBXFileSystemSynchronizedBuildFileExceptionSet */ = {
			isa = PBXFileSystemSynchronizedBuildFileExceptionSet;
			membershipExceptions = (
				WidgetView.swift,
				WrappingHStack.swift,
			);
			target = FA9FA1832C1ED3AA000EBBF4 /* WidgetExtension */;
		};
/* End PBXFileSystemSynchronizedBuildFileExceptionSet section */

/* Begin PBXFileSystemSynchronizedRootGroup section */
		FA9FA1992C1ED435000EBBF4 /* Helpers */ = {isa = PBXFileSystemSynchronizedRootGroup; exceptions = (FA9FA2062C1ED503000EBBF4 /* PBXFileSystemSynchronizedBuildFileExceptionSet */, FA9FA2072C1ED503000EBBF4 /* PBXFileSystemSynchronizedBuildFileExceptionSet */, ); explicitFileTypes = {}; explicitFolders = (); path = Helpers; sourceTree = "<group>"; };
		FA9FA1BE2C1ED44A000EBBF4 /* Models */ = {isa = PBXFileSystemSynchronizedRootGroup; exceptions = (FA9FA2002C1ED4EB000EBBF4 /* PBXFileSystemSynchronizedBuildFileExceptionSet */, FA9FA2012C1ED4EB000EBBF4 /* PBXFileSystemSynchronizedBuildFileExceptionSet */, ); explicitFileTypes = {}; explicitFolders = (); path = Models; sourceTree = "<group>"; };
		FA9FA1CC2C1ED46C000EBBF4 /* Resources */ = {isa = PBXFileSystemSynchronizedRootGroup; explicitFileTypes = {}; explicitFolders = (); path = Resources; sourceTree = "<group>"; };
		FA9FA1E72C1ED472000EBBF4 /* Views */ = {isa = PBXFileSystemSynchronizedRootGroup; exceptions = (FA6EF2162C1EF85A00B628CF /* PBXFileSystemSynchronizedBuildFileExceptionSet */, FA9FA20A2C1ED52D000EBBF4 /* PBXFileSystemSynchronizedBuildFileExceptionSet */, FA9FA20B2C1ED52D000EBBF4 /* PBXFileSystemSynchronizedBuildFileExceptionSet */, ); explicitFileTypes = {}; explicitFolders = (); path = Views; sourceTree = "<group>"; };
/* End PBXFileSystemSynchronizedRootGroup section */

/* Begin PBXFrameworksBuildPhase section */
		FA6EF2672C1F18BC00B628CF /* Frameworks */ = {
			isa = PBXFrameworksBuildPhase;
			buildActionMask = 2147483647;
			files = (
				FA6EF26C2C1F18BC00B628CF /* Intents.framework in Frameworks */,
			);
			runOnlyForDeploymentPostprocessing = 0;
		};
		FA6EF2722C1F18BC00B628CF /* Frameworks */ = {
			isa = PBXFrameworksBuildPhase;
			buildActionMask = 2147483647;
			files = (
				FA6EF2772C1F18BC00B628CF /* IntentsUI.framework in Frameworks */,
			);
			runOnlyForDeploymentPostprocessing = 0;
		};
		FA9FA1502C1ED352000EBBF4 /* Frameworks */ = {
			isa = PBXFrameworksBuildPhase;
			buildActionMask = 2147483647;
			files = (
			);
			runOnlyForDeploymentPostprocessing = 0;
		};
		FA9FA1662C1ED391000EBBF4 /* Frameworks */ = {
			isa = PBXFrameworksBuildPhase;
			buildActionMask = 2147483647;
			files = (
				FA9FA16E2C1ED391000EBBF4 /* SwiftUI.framework in Frameworks */,
				FA9FA16C2C1ED391000EBBF4 /* WidgetKit.framework in Frameworks */,
			);
			runOnlyForDeploymentPostprocessing = 0;
		};
		FA9FA1812C1ED3AA000EBBF4 /* Frameworks */ = {
			isa = PBXFrameworksBuildPhase;
			buildActionMask = 2147483647;
			files = (
				FA9FA1862C1ED3AA000EBBF4 /* SwiftUI.framework in Frameworks */,
				FA9FA1852C1ED3AA000EBBF4 /* WidgetKit.framework in Frameworks */,
			);
			runOnlyForDeploymentPostprocessing = 0;
		};
/* End PBXFrameworksBuildPhase section */

/* Begin PBXGroup section */
		FA6EF26D2C1F18BC00B628CF /* IntentsExtension */ = {
			isa = PBXGroup;
			children = (
				FA6EF26E2C1F18BC00B628CF /* IntentHandler.swift */,
				FA6EF2702C1F18BC00B628CF /* Info.plist */,
			);
			path = IntentsExtension;
			sourceTree = "<group>";
		};
		FA6EF2782C1F18BC00B628CF /* IntentsExtensionUI */ = {
			isa = PBXGroup;
			children = (
				FA6EF2792C1F18BC00B628CF /* IntentViewController.swift */,
				FA6EF27B2C1F18BC00B628CF /* MainInterface.storyboard */,
				FA6EF27E2C1F18BD00B628CF /* Info.plist */,
			);
			path = IntentsExtensionUI;
			sourceTree = "<group>";
		};
		FA9FA14A2C1ED352000EBBF4 = {
			isa = PBXGroup;
			children = (
				FA9FA1552C1ED352000EBBF4 /* DimigoMeal */,
				FA9FA16F2C1ED391000EBBF4 /* LiveActivity */,
				FA9FA1872C1ED3AA000EBBF4 /* WidgetExtension */,
				FA6EF26D2C1F18BC00B628CF /* IntentsExtension */,
				FA6EF2782C1F18BC00B628CF /* IntentsExtensionUI */,
				FA9FA16A2C1ED391000EBBF4 /* Frameworks */,
				FA9FA1542C1ED352000EBBF4 /* Products */,
			);
			sourceTree = "<group>";
		};
		FA9FA1542C1ED352000EBBF4 /* Products */ = {
			isa = PBXGroup;
			children = (
				FA9FA1532C1ED352000EBBF4 /* DimigoMeal.app */,
				FA9FA1692C1ED391000EBBF4 /* LiveActivity.appex */,
				FA9FA1842C1ED3AA000EBBF4 /* WidgetExtension.appex */,
				FA6EF26A2C1F18BC00B628CF /* IntentsExtension.appex */,
				FA6EF2752C1F18BC00B628CF /* IntentsExtensionUI.appex */,
			);
			name = Products;
			sourceTree = "<group>";
		};
		FA9FA1552C1ED352000EBBF4 /* DimigoMeal */ = {
			isa = PBXGroup;
			children = (
				FA9FA1992C1ED435000EBBF4 /* Helpers */,
				FA9FA1BE2C1ED44A000EBBF4 /* Models */,
				FA9FA1CC2C1ED46C000EBBF4 /* Resources */,
				FA9FA1E72C1ED472000EBBF4 /* Views */,
				FA9FA1562C1ED352000EBBF4 /* DimigoMealApp.swift */,
				FA9FA15C2C1ED354000EBBF4 /* DimigoMeal.entitlements */,
				FA6EF0F12C1EDC4A00B628CF /* Info.plist */,
			);
			path = DimigoMeal;
			sourceTree = "<group>";
		};
		FA9FA16A2C1ED391000EBBF4 /* Frameworks */ = {
			isa = PBXGroup;
			children = (
				FA9FA16B2C1ED391000EBBF4 /* WidgetKit.framework */,
				FA9FA16D2C1ED391000EBBF4 /* SwiftUI.framework */,
				FA6EF26B2C1F18BC00B628CF /* Intents.framework */,
				FA6EF2762C1F18BC00B628CF /* IntentsUI.framework */,
			);
			name = Frameworks;
			sourceTree = "<group>";
		};
		FA9FA16F2C1ED391000EBBF4 /* LiveActivity */ = {
			isa = PBXGroup;
			children = (
				FA9FA1F32C1ED4C0000EBBF4 /* LiveActivity.swift */,
				FA9FA1F42C1ED4C0000EBBF4 /* LiveActivityBundle.swift */,
				FA6EF0FA2C1EDE1300B628CF /* LiveActivityAttributes.swift */,
				FA9FA1F22C1ED4C0000EBBF4 /* Info.plist */,
			);
			path = LiveActivity;
			sourceTree = "<group>";
		};
		FA9FA1872C1ED3AA000EBBF4 /* WidgetExtension */ = {
			isa = PBXGroup;
			children = (
				FA9FA1F92C1ED4D8000EBBF4 /* WidgetExtension.swift */,
				FA6EF21C2C1F15B800B628CF /* WidgetExtension.intentdefinition */,
				FA9FA1FA2C1ED4D8000EBBF4 /* WidgetExtensionBundle.swift */,
				FA6EF21A2C1F0C0A00B628CF /* WidgetExtension.entitlements */,
				FA9FA1F82C1ED4D8000EBBF4 /* Info.plist */,
			);
			path = WidgetExtension;
			sourceTree = "<group>";
		};
/* End PBXGroup section */

/* Begin PBXNativeTarget section */
		FA6EF2692C1F18BC00B628CF /* IntentsExtension */ = {
			isa = PBXNativeTarget;
			buildConfigurationList = FA6EF2882C1F18BD00B628CF /* Build configuration list for PBXNativeTarget "IntentsExtension" */;
			buildPhases = (
				FA6EF2662C1F18BC00B628CF /* Sources */,
				FA6EF2672C1F18BC00B628CF /* Frameworks */,
				FA6EF2682C1F18BC00B628CF /* Resources */,
			);
			buildRules = (
			);
			dependencies = (
			);
			name = IntentsExtension;
			productName = IntentsExtension;
			productReference = FA6EF26A2C1F18BC00B628CF /* IntentsExtension.appex */;
			productType = "com.apple.product-type.app-extension";
		};
		FA6EF2742C1F18BC00B628CF /* IntentsExtensionUI */ = {
			isa = PBXNativeTarget;
			buildConfigurationList = FA6EF2852C1F18BD00B628CF /* Build configuration list for PBXNativeTarget "IntentsExtensionUI" */;
			buildPhases = (
				FA6EF2712C1F18BC00B628CF /* Sources */,
				FA6EF2722C1F18BC00B628CF /* Frameworks */,
				FA6EF2732C1F18BC00B628CF /* Resources */,
			);
			buildRules = (
			);
			dependencies = (
			);
			name = IntentsExtensionUI;
			productName = IntentsExtensionUI;
			productReference = FA6EF2752C1F18BC00B628CF /* IntentsExtensionUI.appex */;
			productType = "com.apple.product-type.app-extension";
		};
		FA9FA1522C1ED352000EBBF4 /* DimigoMeal */ = {
			isa = PBXNativeTarget;
			buildConfigurationList = FA9FA1622C1ED354000EBBF4 /* Build configuration list for PBXNativeTarget "DimigoMeal" */;
			buildPhases = (
				FA9FA14F2C1ED352000EBBF4 /* Sources */,
				FA9FA1502C1ED352000EBBF4 /* Frameworks */,
				FA9FA1512C1ED352000EBBF4 /* Resources */,
				FA9FA17F2C1ED392000EBBF4 /* Embed Foundation Extensions */,
			);
			buildRules = (
			);
			dependencies = (
				FA9FA17A2C1ED392000EBBF4 /* PBXTargetDependency */,
				FA9FA1902C1ED3AB000EBBF4 /* PBXTargetDependency */,
				FA6EF2802C1F18BD00B628CF /* PBXTargetDependency */,
				FA6EF2832C1F18BD00B628CF /* PBXTargetDependency */,
			);
			fileSystemSynchronizedGroups = (
				FA9FA1992C1ED435000EBBF4 /* Helpers */,
				FA9FA1BE2C1ED44A000EBBF4 /* Models */,
				FA9FA1CC2C1ED46C000EBBF4 /* Resources */,
				FA9FA1E72C1ED472000EBBF4 /* Views */,
			);
			name = DimigoMeal;
			productName = DimigoMeal;
			productReference = FA9FA1532C1ED352000EBBF4 /* DimigoMeal.app */;
			productType = "com.apple.product-type.application";
		};
		FA9FA1682C1ED391000EBBF4 /* LiveActivity */ = {
			isa = PBXNativeTarget;
			buildConfigurationList = FA9FA17C2C1ED392000EBBF4 /* Build configuration list for PBXNativeTarget "LiveActivity" */;
			buildPhases = (
				FA9FA1652C1ED391000EBBF4 /* Sources */,
				FA9FA1662C1ED391000EBBF4 /* Frameworks */,
				FA9FA1672C1ED391000EBBF4 /* Resources */,
			);
			buildRules = (
			);
			dependencies = (
			);
			fileSystemSynchronizedGroups = (
				FA9FA1CC2C1ED46C000EBBF4 /* Resources */,
			);
			name = LiveActivity;
			productName = LiveActivityExtension;
			productReference = FA9FA1692C1ED391000EBBF4 /* LiveActivity.appex */;
			productType = "com.apple.product-type.app-extension";
		};
		FA9FA1832C1ED3AA000EBBF4 /* WidgetExtension */ = {
			isa = PBXNativeTarget;
			buildConfigurationList = FA9FA1922C1ED3AB000EBBF4 /* Build configuration list for PBXNativeTarget "WidgetExtension" */;
			buildPhases = (
				FA9FA1802C1ED3AA000EBBF4 /* Sources */,
				FA9FA1812C1ED3AA000EBBF4 /* Frameworks */,
				FA9FA1822C1ED3AA000EBBF4 /* Resources */,
			);
			buildRules = (
			);
			dependencies = (
			);
			fileSystemSynchronizedGroups = (
				FA9FA1CC2C1ED46C000EBBF4 /* Resources */,
			);
			name = WidgetExtension;
			productName = WidgetExtensionExtension;
			productReference = FA9FA1842C1ED3AA000EBBF4 /* WidgetExtension.appex */;
			productType = "com.apple.product-type.app-extension";
		};
/* End PBXNativeTarget section */

/* Begin PBXProject section */
		FA9FA14B2C1ED352000EBBF4 /* Project object */ = {
			isa = PBXProject;
			attributes = {
				BuildIndependentTargetsInParallel = 1;
				LastSwiftUpdateCheck = 1600;
				LastUpgradeCheck = 1600;
				TargetAttributes = {
					FA6EF2692C1F18BC00B628CF = {
						CreatedOnToolsVersion = 16.0;
					};
					FA6EF2742C1F18BC00B628CF = {
						CreatedOnToolsVersion = 16.0;
					};
					FA9FA1522C1ED352000EBBF4 = {
						CreatedOnToolsVersion = 16.0;
					};
					FA9FA1682C1ED391000EBBF4 = {
						CreatedOnToolsVersion = 16.0;
					};
					FA9FA1832C1ED3AA000EBBF4 = {
						CreatedOnToolsVersion = 16.0;
					};
				};
			};
			buildConfigurationList = FA9FA14E2C1ED352000EBBF4 /* Build configuration list for PBXProject "DimigoMeal" */;
			compatibilityVersion = "Xcode 15.0";
			developmentRegion = en;
			hasScannedForEncodings = 0;
			knownRegions = (
				en,
				Base,
			);
			mainGroup = FA9FA14A2C1ED352000EBBF4;
			productRefGroup = FA9FA1542C1ED352000EBBF4 /* Products */;
			projectDirPath = "";
			projectRoot = "";
			targets = (
				FA9FA1522C1ED352000EBBF4 /* DimigoMeal */,
				FA9FA1682C1ED391000EBBF4 /* LiveActivity */,
				FA9FA1832C1ED3AA000EBBF4 /* WidgetExtension */,
				FA6EF2692C1F18BC00B628CF /* IntentsExtension */,
				FA6EF2742C1F18BC00B628CF /* IntentsExtensionUI */,
			);
		};
/* End PBXProject section */

/* Begin PBXResourcesBuildPhase section */
		FA6EF2682C1F18BC00B628CF /* Resources */ = {
			isa = PBXResourcesBuildPhase;
			buildActionMask = 2147483647;
			files = (
			);
			runOnlyForDeploymentPostprocessing = 0;
		};
		FA6EF2732C1F18BC00B628CF /* Resources */ = {
			isa = PBXResourcesBuildPhase;
			buildActionMask = 2147483647;
			files = (
				FA6EF27D2C1F18BC00B628CF /* Base in Resources */,
			);
			runOnlyForDeploymentPostprocessing = 0;
		};
		FA9FA1512C1ED352000EBBF4 /* Resources */ = {
			isa = PBXResourcesBuildPhase;
			buildActionMask = 2147483647;
			files = (
			);
			runOnlyForDeploymentPostprocessing = 0;
		};
		FA9FA1672C1ED391000EBBF4 /* Resources */ = {
			isa = PBXResourcesBuildPhase;
			buildActionMask = 2147483647;
			files = (
			);
			runOnlyForDeploymentPostprocessing = 0;
		};
		FA9FA1822C1ED3AA000EBBF4 /* Resources */ = {
			isa = PBXResourcesBuildPhase;
			buildActionMask = 2147483647;
			files = (
			);
			runOnlyForDeploymentPostprocessing = 0;
		};
/* End PBXResourcesBuildPhase section */

/* Begin PBXSourcesBuildPhase section */
		FA6EF2662C1F18BC00B628CF /* Sources */ = {
			isa = PBXSourcesBuildPhase;
			buildActionMask = 2147483647;
			files = (
				FA6EF28B2C1F1A7300B628CF /* WidgetExtension.intentdefinition in Sources */,
				FA6EF26F2C1F18BC00B628CF /* IntentHandler.swift in Sources */,
			);
			runOnlyForDeploymentPostprocessing = 0;
		};
		FA6EF2712C1F18BC00B628CF /* Sources */ = {
			isa = PBXSourcesBuildPhase;
			buildActionMask = 2147483647;
			files = (
				FA6EF28C2C1F1A7300B628CF /* WidgetExtension.intentdefinition in Sources */,
				FA6EF27A2C1F18BC00B628CF /* IntentViewController.swift in Sources */,
			);
			runOnlyForDeploymentPostprocessing = 0;
		};
		FA9FA14F2C1ED352000EBBF4 /* Sources */ = {
			isa = PBXSourcesBuildPhase;
			buildActionMask = 2147483647;
			files = (
				FA6EF2652C1F182F00B628CF /* WidgetExtension.intentdefinition in Sources */,
				FA9FA1572C1ED352000EBBF4 /* DimigoMealApp.swift in Sources */,
				FA6EF0FC2C1EDE4700B628CF /* LiveActivityAttributes.swift in Sources */,
			);
			runOnlyForDeploymentPostprocessing = 0;
		};
		FA9FA1652C1ED391000EBBF4 /* Sources */ = {
			isa = PBXSourcesBuildPhase;
			buildActionMask = 2147483647;
			files = (
				FA9FA1F52C1ED4C0000EBBF4 /* LiveActivityBundle.swift in Sources */,
				FA9FA1F62C1ED4C0000EBBF4 /* LiveActivity.swift in Sources */,
				FA6EF0FB2C1EDE1400B628CF /* LiveActivityAttributes.swift in Sources */,
			);
			runOnlyForDeploymentPostprocessing = 0;
		};
		FA9FA1802C1ED3AA000EBBF4 /* Sources */ = {
			isa = PBXSourcesBuildPhase;
			buildActionMask = 2147483647;
			files = (
				FA6EF21D2C1F15B800B628CF /* WidgetExtension.intentdefinition in Sources */,
				FA9FA1FB2C1ED4D8000EBBF4 /* WidgetExtension.swift in Sources */,
				FA9FA1FC2C1ED4D8000EBBF4 /* WidgetExtensionBundle.swift in Sources */,
			);
			runOnlyForDeploymentPostprocessing = 0;
		};
/* End PBXSourcesBuildPhase section */

/* Begin PBXTargetDependency section */
		FA6EF2802C1F18BD00B628CF /* PBXTargetDependency */ = {
			isa = PBXTargetDependency;
			target = FA6EF2742C1F18BC00B628CF /* IntentsExtensionUI */;
			targetProxy = FA6EF27F2C1F18BD00B628CF /* PBXContainerItemProxy */;
		};
		FA6EF2832C1F18BD00B628CF /* PBXTargetDependency */ = {
			isa = PBXTargetDependency;
			target = FA6EF2692C1F18BC00B628CF /* IntentsExtension */;
			targetProxy = FA6EF2822C1F18BD00B628CF /* PBXContainerItemProxy */;
		};
		FA9FA17A2C1ED392000EBBF4 /* PBXTargetDependency */ = {
			isa = PBXTargetDependency;
			target = FA9FA1682C1ED391000EBBF4 /* LiveActivity */;
			targetProxy = FA9FA1792C1ED392000EBBF4 /* PBXContainerItemProxy */;
		};
		FA9FA1902C1ED3AB000EBBF4 /* PBXTargetDependency */ = {
			isa = PBXTargetDependency;
			target = FA9FA1832C1ED3AA000EBBF4 /* WidgetExtension */;
			targetProxy = FA9FA18F2C1ED3AB000EBBF4 /* PBXContainerItemProxy */;
		};
/* End PBXTargetDependency section */

/* Begin PBXVariantGroup section */
		FA6EF27B2C1F18BC00B628CF /* MainInterface.storyboard */ = {
			isa = PBXVariantGroup;
			children = (
				FA6EF27C2C1F18BC00B628CF /* Base */,
			);
			name = MainInterface.storyboard;
			sourceTree = "<group>";
		};
/* End PBXVariantGroup section */

/* Begin XCBuildConfiguration section */
		FA6EF2862C1F18BD00B628CF /* Debug */ = {
			isa = XCBuildConfiguration;
			buildSettings = {
				CODE_SIGN_STYLE = Automatic;
				CURRENT_PROJECT_VERSION = 1;
				DEVELOPMENT_TEAM = YVKZAX7JYL;
				GENERATE_INFOPLIST_FILE = YES;
				INFOPLIST_FILE = IntentsExtensionUI/Info.plist;
				INFOPLIST_KEY_CFBundleDisplayName = IntentsExtensionUI;
				INFOPLIST_KEY_NSHumanReadableCopyright = "";
				IPHONEOS_DEPLOYMENT_TARGET = 18.0;
				LD_RUNPATH_SEARCH_PATHS = (
					"$(inherited)",
					"@executable_path/Frameworks",
					"@executable_path/../../Frameworks",
				);
				MARKETING_VERSION = 1.0.3;
				PRODUCT_BUNDLE_IDENTIFIER = kr.isamin.dimigomeal.intentsextensionui;
				PRODUCT_NAME = "$(TARGET_NAME)";
				SDKROOT = iphoneos;
				SKIP_INSTALL = YES;
				SWIFT_EMIT_LOC_STRINGS = YES;
				SWIFT_VERSION = 5.0;
				TARGETED_DEVICE_FAMILY = "1,2";
			};
			name = Debug;
		};
		FA6EF2872C1F18BD00B628CF /* Release */ = {
			isa = XCBuildConfiguration;
			buildSettings = {
				CODE_SIGN_STYLE = Automatic;
				CURRENT_PROJECT_VERSION = 1;
				DEVELOPMENT_TEAM = YVKZAX7JYL;
				GENERATE_INFOPLIST_FILE = YES;
				INFOPLIST_FILE = IntentsExtensionUI/Info.plist;
				INFOPLIST_KEY_CFBundleDisplayName = IntentsExtensionUI;
				INFOPLIST_KEY_NSHumanReadableCopyright = "";
				IPHONEOS_DEPLOYMENT_TARGET = 18.0;
				LD_RUNPATH_SEARCH_PATHS = (
					"$(inherited)",
					"@executable_path/Frameworks",
					"@executable_path/../../Frameworks",
				);
				MARKETING_VERSION = 1.0.3;
				PRODUCT_BUNDLE_IDENTIFIER = kr.isamin.dimigomeal.intentsextensionui;
				PRODUCT_NAME = "$(TARGET_NAME)";
				SDKROOT = iphoneos;
				SKIP_INSTALL = YES;
				SWIFT_EMIT_LOC_STRINGS = YES;
				SWIFT_VERSION = 5.0;
				TARGETED_DEVICE_FAMILY = "1,2";
				VALIDATE_PRODUCT = YES;
			};
			name = Release;
		};
		FA6EF2892C1F18BD00B628CF /* Debug */ = {
			isa = XCBuildConfiguration;
			buildSettings = {
				CODE_SIGN_STYLE = Automatic;
				CURRENT_PROJECT_VERSION = 1;
				DEVELOPMENT_TEAM = YVKZAX7JYL;
				GENERATE_INFOPLIST_FILE = YES;
				INFOPLIST_FILE = IntentsExtension/Info.plist;
				INFOPLIST_KEY_CFBundleDisplayName = IntentsExtension;
				INFOPLIST_KEY_NSHumanReadableCopyright = "";
				IPHONEOS_DEPLOYMENT_TARGET = 18.0;
				LD_RUNPATH_SEARCH_PATHS = (
					"$(inherited)",
					"@executable_path/Frameworks",
					"@executable_path/../../Frameworks",
				);
				MARKETING_VERSION = 1.0.3;
				PRODUCT_BUNDLE_IDENTIFIER = kr.isamin.dimigomeal.intentsextension;
				PRODUCT_NAME = "$(TARGET_NAME)";
				SDKROOT = iphoneos;
				SKIP_INSTALL = YES;
				SWIFT_EMIT_LOC_STRINGS = YES;
				SWIFT_VERSION = 5.0;
				TARGETED_DEVICE_FAMILY = "1,2";
			};
			name = Debug;
		};
		FA6EF28A2C1F18BD00B628CF /* Release */ = {
			isa = XCBuildConfiguration;
			buildSettings = {
				CODE_SIGN_STYLE = Automatic;
				CURRENT_PROJECT_VERSION = 1;
				DEVELOPMENT_TEAM = YVKZAX7JYL;
				GENERATE_INFOPLIST_FILE = YES;
				INFOPLIST_FILE = IntentsExtension/Info.plist;
				INFOPLIST_KEY_CFBundleDisplayName = IntentsExtension;
				INFOPLIST_KEY_NSHumanReadableCopyright = "";
				IPHONEOS_DEPLOYMENT_TARGET = 18.0;
				LD_RUNPATH_SEARCH_PATHS = (
					"$(inherited)",
					"@executable_path/Frameworks",
					"@executable_path/../../Frameworks",
				);
				MARKETING_VERSION = 1.0.3;
				PRODUCT_BUNDLE_IDENTIFIER = kr.isamin.dimigomeal.intentsextension;
				PRODUCT_NAME = "$(TARGET_NAME)";
				SDKROOT = iphoneos;
				SKIP_INSTALL = YES;
				SWIFT_EMIT_LOC_STRINGS = YES;
				SWIFT_VERSION = 5.0;
				TARGETED_DEVICE_FAMILY = "1,2";
				VALIDATE_PRODUCT = YES;
			};
			name = Release;
		};
		FA9FA1602C1ED354000EBBF4 /* Debug */ = {
			isa = XCBuildConfiguration;
			buildSettings = {
				ALWAYS_SEARCH_USER_PATHS = NO;
				ASSETCATALOG_COMPILER_GENERATE_SWIFT_ASSET_SYMBOL_EXTENSIONS = YES;
				CLANG_ANALYZER_NONNULL = YES;
				CLANG_ANALYZER_NUMBER_OBJECT_CONVERSION = YES_AGGRESSIVE;
				CLANG_CXX_LANGUAGE_STANDARD = "gnu++20";
				CLANG_ENABLE_MODULES = YES;
				CLANG_ENABLE_OBJC_ARC = YES;
				CLANG_ENABLE_OBJC_WEAK = YES;
				CLANG_WARN_BLOCK_CAPTURE_AUTORELEASING = YES;
				CLANG_WARN_BOOL_CONVERSION = YES;
				CLANG_WARN_COMMA = YES;
				CLANG_WARN_CONSTANT_CONVERSION = YES;
				CLANG_WARN_DEPRECATED_OBJC_IMPLEMENTATIONS = YES;
				CLANG_WARN_DIRECT_OBJC_ISA_USAGE = YES_ERROR;
				CLANG_WARN_DOCUMENTATION_COMMENTS = YES;
				CLANG_WARN_EMPTY_BODY = YES;
				CLANG_WARN_ENUM_CONVERSION = YES;
				CLANG_WARN_INFINITE_RECURSION = YES;
				CLANG_WARN_INT_CONVERSION = YES;
				CLANG_WARN_NON_LITERAL_NULL_CONVERSION = YES;
				CLANG_WARN_OBJC_IMPLICIT_RETAIN_SELF = YES;
				CLANG_WARN_OBJC_LITERAL_CONVERSION = YES;
				CLANG_WARN_OBJC_ROOT_CLASS = YES_ERROR;
				CLANG_WARN_QUOTED_INCLUDE_IN_FRAMEWORK_HEADER = YES;
				CLANG_WARN_RANGE_LOOP_ANALYSIS = YES;
				CLANG_WARN_STRICT_PROTOTYPES = YES;
				CLANG_WARN_SUSPICIOUS_MOVE = YES;
				CLANG_WARN_UNGUARDED_AVAILABILITY = YES_AGGRESSIVE;
				CLANG_WARN_UNREACHABLE_CODE = YES;
				CLANG_WARN__DUPLICATE_METHOD_MATCH = YES;
				COPY_PHASE_STRIP = NO;
				DEBUG_INFORMATION_FORMAT = dwarf;
				ENABLE_STRICT_OBJC_MSGSEND = YES;
				ENABLE_TESTABILITY = YES;
				ENABLE_USER_SCRIPT_SANDBOXING = YES;
				GCC_C_LANGUAGE_STANDARD = gnu17;
				GCC_DYNAMIC_NO_PIC = NO;
				GCC_NO_COMMON_BLOCKS = YES;
				GCC_OPTIMIZATION_LEVEL = 0;
				GCC_PREPROCESSOR_DEFINITIONS = (
					"DEBUG=1",
					"$(inherited)",
				);
				GCC_WARN_64_TO_32_BIT_CONVERSION = YES;
				GCC_WARN_ABOUT_RETURN_TYPE = YES_ERROR;
				GCC_WARN_UNDECLARED_SELECTOR = YES;
				GCC_WARN_UNINITIALIZED_AUTOS = YES_AGGRESSIVE;
				GCC_WARN_UNUSED_FUNCTION = YES;
				GCC_WARN_UNUSED_VARIABLE = YES;
				LOCALIZATION_PREFERS_STRING_CATALOGS = YES;
				MTL_ENABLE_DEBUG_INFO = INCLUDE_SOURCE;
				MTL_FAST_MATH = YES;
				ONLY_ACTIVE_ARCH = YES;
				SWIFT_ACTIVE_COMPILATION_CONDITIONS = "DEBUG $(inherited)";
				SWIFT_OPTIMIZATION_LEVEL = "-Onone";
			};
			name = Debug;
		};
		FA9FA1612C1ED354000EBBF4 /* Release */ = {
			isa = XCBuildConfiguration;
			buildSettings = {
				ALWAYS_SEARCH_USER_PATHS = NO;
				ASSETCATALOG_COMPILER_GENERATE_SWIFT_ASSET_SYMBOL_EXTENSIONS = YES;
				CLANG_ANALYZER_NONNULL = YES;
				CLANG_ANALYZER_NUMBER_OBJECT_CONVERSION = YES_AGGRESSIVE;
				CLANG_CXX_LANGUAGE_STANDARD = "gnu++20";
				CLANG_ENABLE_MODULES = YES;
				CLANG_ENABLE_OBJC_ARC = YES;
				CLANG_ENABLE_OBJC_WEAK = YES;
				CLANG_WARN_BLOCK_CAPTURE_AUTORELEASING = YES;
				CLANG_WARN_BOOL_CONVERSION = YES;
				CLANG_WARN_COMMA = YES;
				CLANG_WARN_CONSTANT_CONVERSION = YES;
				CLANG_WARN_DEPRECATED_OBJC_IMPLEMENTATIONS = YES;
				CLANG_WARN_DIRECT_OBJC_ISA_USAGE = YES_ERROR;
				CLANG_WARN_DOCUMENTATION_COMMENTS = YES;
				CLANG_WARN_EMPTY_BODY = YES;
				CLANG_WARN_ENUM_CONVERSION = YES;
				CLANG_WARN_INFINITE_RECURSION = YES;
				CLANG_WARN_INT_CONVERSION = YES;
				CLANG_WARN_NON_LITERAL_NULL_CONVERSION = YES;
				CLANG_WARN_OBJC_IMPLICIT_RETAIN_SELF = YES;
				CLANG_WARN_OBJC_LITERAL_CONVERSION = YES;
				CLANG_WARN_OBJC_ROOT_CLASS = YES_ERROR;
				CLANG_WARN_QUOTED_INCLUDE_IN_FRAMEWORK_HEADER = YES;
				CLANG_WARN_RANGE_LOOP_ANALYSIS = YES;
				CLANG_WARN_STRICT_PROTOTYPES = YES;
				CLANG_WARN_SUSPICIOUS_MOVE = YES;
				CLANG_WARN_UNGUARDED_AVAILABILITY = YES_AGGRESSIVE;
				CLANG_WARN_UNREACHABLE_CODE = YES;
				CLANG_WARN__DUPLICATE_METHOD_MATCH = YES;
				COPY_PHASE_STRIP = NO;
				DEBUG_INFORMATION_FORMAT = "dwarf-with-dsym";
				ENABLE_NS_ASSERTIONS = NO;
				ENABLE_STRICT_OBJC_MSGSEND = YES;
				ENABLE_USER_SCRIPT_SANDBOXING = YES;
				GCC_C_LANGUAGE_STANDARD = gnu17;
				GCC_NO_COMMON_BLOCKS = YES;
				GCC_WARN_64_TO_32_BIT_CONVERSION = YES;
				GCC_WARN_ABOUT_RETURN_TYPE = YES_ERROR;
				GCC_WARN_UNDECLARED_SELECTOR = YES;
				GCC_WARN_UNINITIALIZED_AUTOS = YES_AGGRESSIVE;
				GCC_WARN_UNUSED_FUNCTION = YES;
				GCC_WARN_UNUSED_VARIABLE = YES;
				LOCALIZATION_PREFERS_STRING_CATALOGS = YES;
				MTL_ENABLE_DEBUG_INFO = NO;
				MTL_FAST_MATH = YES;
				SWIFT_COMPILATION_MODE = wholemodule;
			};
			name = Release;
		};
		FA9FA1632C1ED354000EBBF4 /* Debug */ = {
			isa = XCBuildConfiguration;
			buildSettings = {
				ASSETCATALOG_COMPILER_APPICON_NAME = AppIcon;
				ASSETCATALOG_COMPILER_GLOBAL_ACCENT_COLOR_NAME = AccentColor;
				CODE_SIGN_ENTITLEMENTS = DimigoMeal/DimigoMeal.entitlements;
				CODE_SIGN_STYLE = Automatic;
				CURRENT_PROJECT_VERSION = 1;
				DEVELOPMENT_TEAM = YVKZAX7JYL;
				ENABLE_HARDENED_RUNTIME = YES;
				ENABLE_PREVIEWS = YES;
				GENERATE_INFOPLIST_FILE = YES;
				INFOPLIST_FILE = DimigoMeal/Info.plist;
				INFOPLIST_KEY_CFBundleDisplayName = "디미고 급식";
				INFOPLIST_KEY_LSApplicationCategoryType = "public.app-category.lifestyle";
				INFOPLIST_KEY_NSSupportsLiveActivities = YES;
				"INFOPLIST_KEY_UIApplicationSceneManifest_Generation[sdk=iphoneos*]" = YES;
				"INFOPLIST_KEY_UIApplicationSceneManifest_Generation[sdk=iphonesimulator*]" = YES;
				"INFOPLIST_KEY_UIApplicationSupportsIndirectInputEvents[sdk=iphoneos*]" = YES;
				"INFOPLIST_KEY_UIApplicationSupportsIndirectInputEvents[sdk=iphonesimulator*]" = YES;
				"INFOPLIST_KEY_UILaunchScreen_Generation[sdk=iphoneos*]" = YES;
				"INFOPLIST_KEY_UILaunchScreen_Generation[sdk=iphonesimulator*]" = YES;
				"INFOPLIST_KEY_UIStatusBarStyle[sdk=iphoneos*]" = UIStatusBarStyleDefault;
				"INFOPLIST_KEY_UIStatusBarStyle[sdk=iphonesimulator*]" = UIStatusBarStyleDefault;
				INFOPLIST_KEY_UISupportedInterfaceOrientations_iPad = "UIInterfaceOrientationPortrait UIInterfaceOrientationPortraitUpsideDown UIInterfaceOrientationLandscapeLeft UIInterfaceOrientationLandscapeRight";
				INFOPLIST_KEY_UISupportedInterfaceOrientations_iPhone = "UIInterfaceOrientationPortrait UIInterfaceOrientationLandscapeLeft UIInterfaceOrientationLandscapeRight";
				IPHONEOS_DEPLOYMENT_TARGET = 17.0;
				LD_RUNPATH_SEARCH_PATHS = "@executable_path/Frameworks";
				"LD_RUNPATH_SEARCH_PATHS[sdk=macosx*]" = "@executable_path/../Frameworks";
				MACOSX_DEPLOYMENT_TARGET = 15.0;
				MARKETING_VERSION = 1.0.3;
				PRODUCT_BUNDLE_IDENTIFIER = kr.isamin.dimigomeal;
				PRODUCT_NAME = "$(TARGET_NAME)";
				SDKROOT = auto;
				SUPPORTED_PLATFORMS = "iphoneos iphonesimulator";
				SUPPORTS_MACCATALYST = NO;
				SWIFT_EMIT_LOC_STRINGS = YES;
				SWIFT_VERSION = 5.0;
				TARGETED_DEVICE_FAMILY = 1;
				XROS_DEPLOYMENT_TARGET = 2.0;
			};
			name = Debug;
		};
		FA9FA1642C1ED354000EBBF4 /* Release */ = {
			isa = XCBuildConfiguration;
			buildSettings = {
				ASSETCATALOG_COMPILER_APPICON_NAME = AppIcon;
				ASSETCATALOG_COMPILER_GLOBAL_ACCENT_COLOR_NAME = AccentColor;
				CODE_SIGN_ENTITLEMENTS = DimigoMeal/DimigoMeal.entitlements;
				CODE_SIGN_STYLE = Automatic;
				CURRENT_PROJECT_VERSION = 1;
				DEVELOPMENT_TEAM = YVKZAX7JYL;
				ENABLE_HARDENED_RUNTIME = YES;
				ENABLE_PREVIEWS = YES;
				GENERATE_INFOPLIST_FILE = YES;
				INFOPLIST_FILE = DimigoMeal/Info.plist;
				INFOPLIST_KEY_CFBundleDisplayName = "디미고 급식";
				INFOPLIST_KEY_LSApplicationCategoryType = "public.app-category.lifestyle";
				INFOPLIST_KEY_NSSupportsLiveActivities = YES;
				"INFOPLIST_KEY_UIApplicationSceneManifest_Generation[sdk=iphoneos*]" = YES;
				"INFOPLIST_KEY_UIApplicationSceneManifest_Generation[sdk=iphonesimulator*]" = YES;
				"INFOPLIST_KEY_UIApplicationSupportsIndirectInputEvents[sdk=iphoneos*]" = YES;
				"INFOPLIST_KEY_UIApplicationSupportsIndirectInputEvents[sdk=iphonesimulator*]" = YES;
				"INFOPLIST_KEY_UILaunchScreen_Generation[sdk=iphoneos*]" = YES;
				"INFOPLIST_KEY_UILaunchScreen_Generation[sdk=iphonesimulator*]" = YES;
				"INFOPLIST_KEY_UIStatusBarStyle[sdk=iphoneos*]" = UIStatusBarStyleDefault;
				"INFOPLIST_KEY_UIStatusBarStyle[sdk=iphonesimulator*]" = UIStatusBarStyleDefault;
				INFOPLIST_KEY_UISupportedInterfaceOrientations_iPad = "UIInterfaceOrientationPortrait UIInterfaceOrientationPortraitUpsideDown UIInterfaceOrientationLandscapeLeft UIInterfaceOrientationLandscapeRight";
				INFOPLIST_KEY_UISupportedInterfaceOrientations_iPhone = "UIInterfaceOrientationPortrait UIInterfaceOrientationLandscapeLeft UIInterfaceOrientationLandscapeRight";
				IPHONEOS_DEPLOYMENT_TARGET = 17.0;
				LD_RUNPATH_SEARCH_PATHS = "@executable_path/Frameworks";
				"LD_RUNPATH_SEARCH_PATHS[sdk=macosx*]" = "@executable_path/../Frameworks";
				MACOSX_DEPLOYMENT_TARGET = 15.0;
				MARKETING_VERSION = 1.0.3;
				PRODUCT_BUNDLE_IDENTIFIER = kr.isamin.dimigomeal;
				PRODUCT_NAME = "$(TARGET_NAME)";
				SDKROOT = auto;
				SUPPORTED_PLATFORMS = "iphoneos iphonesimulator";
				SUPPORTS_MACCATALYST = NO;
				SWIFT_EMIT_LOC_STRINGS = YES;
				SWIFT_VERSION = 5.0;
				TARGETED_DEVICE_FAMILY = 1;
				XROS_DEPLOYMENT_TARGET = 2.0;
			};
			name = Release;
		};
		FA9FA17D2C1ED392000EBBF4 /* Debug */ = {
			isa = XCBuildConfiguration;
			buildSettings = {
				ASSETCATALOG_COMPILER_GLOBAL_ACCENT_COLOR_NAME = AccentColor;
				ASSETCATALOG_COMPILER_WIDGET_BACKGROUND_COLOR_NAME = WidgetBackground;
				CODE_SIGN_STYLE = Automatic;
				CURRENT_PROJECT_VERSION = 1;
				DEVELOPMENT_TEAM = YVKZAX7JYL;
				GENERATE_INFOPLIST_FILE = YES;
				INFOPLIST_FILE = LiveActivity/Info.plist;
				INFOPLIST_KEY_CFBundleDisplayName = LiveActivity;
				INFOPLIST_KEY_NSHumanReadableCopyright = "";
				IPHONEOS_DEPLOYMENT_TARGET = 17.0;
				LD_RUNPATH_SEARCH_PATHS = (
					"$(inherited)",
					"@executable_path/Frameworks",
					"@executable_path/../../Frameworks",
				);
				MARKETING_VERSION = 1.0.3;
				PRODUCT_BUNDLE_IDENTIFIER = kr.isamin.dimigomeal.liveactivity;
				PRODUCT_NAME = "$(TARGET_NAME)";
				SDKROOT = iphoneos;
				SKIP_INSTALL = YES;
				SUPPORTED_PLATFORMS = "iphoneos iphonesimulator";
				SUPPORTS_MACCATALYST = NO;
				SUPPORTS_MAC_DESIGNED_FOR_IPHONE_IPAD = NO;
				SUPPORTS_XR_DESIGNED_FOR_IPHONE_IPAD = NO;
				SWIFT_EMIT_LOC_STRINGS = YES;
				SWIFT_VERSION = 5.0;
				TARGETED_DEVICE_FAMILY = "1,2";
			};
			name = Debug;
		};
		FA9FA17E2C1ED392000EBBF4 /* Release */ = {
			isa = XCBuildConfiguration;
			buildSettings = {
				ASSETCATALOG_COMPILER_GLOBAL_ACCENT_COLOR_NAME = AccentColor;
				ASSETCATALOG_COMPILER_WIDGET_BACKGROUND_COLOR_NAME = WidgetBackground;
				CODE_SIGN_STYLE = Automatic;
				CURRENT_PROJECT_VERSION = 1;
				DEVELOPMENT_TEAM = YVKZAX7JYL;
				GENERATE_INFOPLIST_FILE = YES;
				INFOPLIST_FILE = LiveActivity/Info.plist;
				INFOPLIST_KEY_CFBundleDisplayName = LiveActivity;
				INFOPLIST_KEY_NSHumanReadableCopyright = "";
				IPHONEOS_DEPLOYMENT_TARGET = 17.0;
				LD_RUNPATH_SEARCH_PATHS = (
					"$(inherited)",
					"@executable_path/Frameworks",
					"@executable_path/../../Frameworks",
				);
				MARKETING_VERSION = 1.0.3;
				PRODUCT_BUNDLE_IDENTIFIER = kr.isamin.dimigomeal.liveactivity;
				PRODUCT_NAME = "$(TARGET_NAME)";
				SDKROOT = iphoneos;
				SKIP_INSTALL = YES;
				SUPPORTED_PLATFORMS = "iphoneos iphonesimulator";
				SUPPORTS_MACCATALYST = NO;
				SUPPORTS_MAC_DESIGNED_FOR_IPHONE_IPAD = NO;
				SUPPORTS_XR_DESIGNED_FOR_IPHONE_IPAD = NO;
				SWIFT_EMIT_LOC_STRINGS = YES;
				SWIFT_VERSION = 5.0;
				TARGETED_DEVICE_FAMILY = "1,2";
				VALIDATE_PRODUCT = YES;
			};
			name = Release;
		};
		FA9FA1932C1ED3AB000EBBF4 /* Debug */ = {
			isa = XCBuildConfiguration;
			buildSettings = {
				ASSETCATALOG_COMPILER_GLOBAL_ACCENT_COLOR_NAME = AccentColor;
				ASSETCATALOG_COMPILER_WIDGET_BACKGROUND_COLOR_NAME = WidgetBackground;
				CODE_SIGN_ENTITLEMENTS = WidgetExtension/WidgetExtension.entitlements;
				CODE_SIGN_STYLE = Automatic;
				CURRENT_PROJECT_VERSION = 1;
				DEVELOPMENT_TEAM = YVKZAX7JYL;
				GENERATE_INFOPLIST_FILE = YES;
				INFOPLIST_FILE = WidgetExtension/Info.plist;
				INFOPLIST_KEY_CFBundleDisplayName = WidgetExtension;
				INFOPLIST_KEY_NSHumanReadableCopyright = "";
				IPHONEOS_DEPLOYMENT_TARGET = 17.0;
				LD_RUNPATH_SEARCH_PATHS = (
					"$(inherited)",
					"@executable_path/Frameworks",
					"@executable_path/../../Frameworks",
				);
				MARKETING_VERSION = 1.0.3;
				PRODUCT_BUNDLE_IDENTIFIER = kr.isamin.dimigomeal.widgetextension;
				PRODUCT_NAME = "$(TARGET_NAME)";
				SDKROOT = iphoneos;
				SKIP_INSTALL = YES;
				SUPPORTED_PLATFORMS = "iphoneos iphonesimulator";
				SUPPORTS_MACCATALYST = NO;
				SUPPORTS_MAC_DESIGNED_FOR_IPHONE_IPAD = NO;
				SUPPORTS_XR_DESIGNED_FOR_IPHONE_IPAD = NO;
				SWIFT_EMIT_LOC_STRINGS = YES;
				SWIFT_VERSION = 5.0;
				TARGETED_DEVICE_FAMILY = "1,2";
			};
			name = Debug;
		};
		FA9FA1942C1ED3AB000EBBF4 /* Release */ = {
			isa = XCBuildConfiguration;
			buildSettings = {
				ASSETCATALOG_COMPILER_GLOBAL_ACCENT_COLOR_NAME = AccentColor;
				ASSETCATALOG_COMPILER_WIDGET_BACKGROUND_COLOR_NAME = WidgetBackground;
				CODE_SIGN_ENTITLEMENTS = WidgetExtension/WidgetExtension.entitlements;
				CODE_SIGN_STYLE = Automatic;
				CURRENT_PROJECT_VERSION = 1;
				DEVELOPMENT_TEAM = YVKZAX7JYL;
				GENERATE_INFOPLIST_FILE = YES;
				INFOPLIST_FILE = WidgetExtension/Info.plist;
				INFOPLIST_KEY_CFBundleDisplayName = WidgetExtension;
				INFOPLIST_KEY_NSHumanReadableCopyright = "";
				IPHONEOS_DEPLOYMENT_TARGET = 17.0;
				LD_RUNPATH_SEARCH_PATHS = (
					"$(inherited)",
					"@executable_path/Frameworks",
					"@executable_path/../../Frameworks",
				);
				MARKETING_VERSION = 1.0.3;
				PRODUCT_BUNDLE_IDENTIFIER = kr.isamin.dimigomeal.widgetextension;
				PRODUCT_NAME = "$(TARGET_NAME)";
				SDKROOT = iphoneos;
				SKIP_INSTALL = YES;
				SUPPORTED_PLATFORMS = "iphoneos iphonesimulator";
				SUPPORTS_MACCATALYST = NO;
				SUPPORTS_MAC_DESIGNED_FOR_IPHONE_IPAD = NO;
				SUPPORTS_XR_DESIGNED_FOR_IPHONE_IPAD = NO;
				SWIFT_EMIT_LOC_STRINGS = YES;
				SWIFT_VERSION = 5.0;
				TARGETED_DEVICE_FAMILY = "1,2";
				VALIDATE_PRODUCT = YES;
			};
			name = Release;
		};
/* End XCBuildConfiguration section */

/* Begin XCConfigurationList section */
		FA6EF2852C1F18BD00B628CF /* Build configuration list for PBXNativeTarget "IntentsExtensionUI" */ = {
			isa = XCConfigurationList;
			buildConfigurations = (
				FA6EF2862C1F18BD00B628CF /* Debug */,
				FA6EF2872C1F18BD00B628CF /* Release */,
			);
			defaultConfigurationIsVisible = 0;
			defaultConfigurationName = Release;
		};
		FA6EF2882C1F18BD00B628CF /* Build configuration list for PBXNativeTarget "IntentsExtension" */ = {
			isa = XCConfigurationList;
			buildConfigurations = (
				FA6EF2892C1F18BD00B628CF /* Debug */,
				FA6EF28A2C1F18BD00B628CF /* Release */,
			);
			defaultConfigurationIsVisible = 0;
			defaultConfigurationName = Release;
		};
		FA9FA14E2C1ED352000EBBF4 /* Build configuration list for PBXProject "DimigoMeal" */ = {
			isa = XCConfigurationList;
			buildConfigurations = (
				FA9FA1602C1ED354000EBBF4 /* Debug */,
				FA9FA1612C1ED354000EBBF4 /* Release */,
			);
			defaultConfigurationIsVisible = 0;
			defaultConfigurationName = Release;
		};
		FA9FA1622C1ED354000EBBF4 /* Build configuration list for PBXNativeTarget "DimigoMeal" */ = {
			isa = XCConfigurationList;
			buildConfigurations = (
				FA9FA1632C1ED354000EBBF4 /* Debug */,
				FA9FA1642C1ED354000EBBF4 /* Release */,
			);
			defaultConfigurationIsVisible = 0;
			defaultConfigurationName = Release;
		};
		FA9FA17C2C1ED392000EBBF4 /* Build configuration list for PBXNativeTarget "LiveActivity" */ = {
			isa = XCConfigurationList;
			buildConfigurations = (
				FA9FA17D2C1ED392000EBBF4 /* Debug */,
				FA9FA17E2C1ED392000EBBF4 /* Release */,
			);
			defaultConfigurationIsVisible = 0;
			defaultConfigurationName = Release;
		};
		FA9FA1922C1ED3AB000EBBF4 /* Build configuration list for PBXNativeTarget "WidgetExtension" */ = {
			isa = XCConfigurationList;
			buildConfigurations = (
				FA9FA1932C1ED3AB000EBBF4 /* Debug */,
				FA9FA1942C1ED3AB000EBBF4 /* Release */,
			);
			defaultConfigurationIsVisible = 0;
			defaultConfigurationName = Release;
		};
/* End XCConfigurationList section */
	};
	rootObject = FA9FA14B2C1ED352000EBBF4 /* Project object */;
}
