// !$*UTF8*$!
{
	archiveVersion = 1;
	classes = {
	};
	objectVersion = 60;
	objects = {

/* Begin PBXBuildFile section */
		73137C252C9B9F2D003AFEA2 /* DimigoMealWatch.app in Embed Watch Content */ = {isa = PBXBuildFile; fileRef = 73137C182C9B9F2C003AFEA2 /* DimigoMealWatch.app */; settings = {ATTRIBUTES = (RemoveHeadersOnCopy, ); }; };
		7376658B2C9EB17900EF2BD3 /* Widget.intentdefinition in Sources */ = {isa = PBXBuildFile; fileRef = 7376658A2C9EB17900EF2BD3 /* Widget.intentdefinition */; settings = {ATTRIBUTES = (no_codegen, ); }; };
		7376658C2C9EB17900EF2BD3 /* Widget.intentdefinition in Sources */ = {isa = PBXBuildFile; fileRef = 7376658A2C9EB17900EF2BD3 /* Widget.intentdefinition */; };
		7376658D2C9EB17900EF2BD3 /* Widget.intentdefinition in Sources */ = {isa = PBXBuildFile; fileRef = 7376658A2C9EB17900EF2BD3 /* Widget.intentdefinition */; };
		7376658E2C9EB17900EF2BD3 /* Widget.intentdefinition in Sources */ = {isa = PBXBuildFile; fileRef = 7376658A2C9EB17900EF2BD3 /* Widget.intentdefinition */; };
		737665902C9EE4A000EF2BD3 /* MainInterface.storyboard in Resources */ = {isa = PBXBuildFile; fileRef = 7376658F2C9EE4A000EF2BD3 /* MainInterface.storyboard */; };
		73BC6CF62C9BB84A007D7989 /* ContentView.swift in Sources */ = {isa = PBXBuildFile; fileRef = 73BC6CF02C9BB84A007D7989 /* ContentView.swift */; };
		73BC6CF72C9BB84A007D7989 /* DimigoMealWatchApp.swift in Sources */ = {isa = PBXBuildFile; fileRef = 73BC6CF42C9BB84A007D7989 /* DimigoMealWatchApp.swift */; };
		73BC6CF82C9BB84A007D7989 /* Assets.xcassets in Resources */ = {isa = PBXBuildFile; fileRef = 73BC6CF22C9BB84A007D7989 /* Assets.xcassets */; };
		73BC6CFE2C9BB85A007D7989 /* DateHelper.swift in Sources */ = {isa = PBXBuildFile; fileRef = 73BC6CF92C9BB85A007D7989 /* DateHelper.swift */; };
		73BC6CFF2C9BB85A007D7989 /* EndpointHelper.swift in Sources */ = {isa = PBXBuildFile; fileRef = 73BC6CFA2C9BB85A007D7989 /* EndpointHelper.swift */; };
		73BC6D002C9BB85A007D7989 /* LiveActivityHelper.swift in Sources */ = {isa = PBXBuildFile; fileRef = 73BC6CFB2C9BB85A007D7989 /* LiveActivityHelper.swift */; };
		73BC6D012C9BB85A007D7989 /* MealHelper.swift in Sources */ = {isa = PBXBuildFile; fileRef = 73BC6CFC2C9BB85A007D7989 /* MealHelper.swift */; };
		73BC6D022C9BB85A007D7989 /* DateHelper.swift in Sources */ = {isa = PBXBuildFile; fileRef = 73BC6CF92C9BB85A007D7989 /* DateHelper.swift */; };
		73BC6D032C9BB85A007D7989 /* EndpointHelper.swift in Sources */ = {isa = PBXBuildFile; fileRef = 73BC6CFA2C9BB85A007D7989 /* EndpointHelper.swift */; };
		73BC6D042C9BB85A007D7989 /* MealHelper.swift in Sources */ = {isa = PBXBuildFile; fileRef = 73BC6CFC2C9BB85A007D7989 /* MealHelper.swift */; };
		73BC6D052C9BB85A007D7989 /* DateHelper.swift in Sources */ = {isa = PBXBuildFile; fileRef = 73BC6CF92C9BB85A007D7989 /* DateHelper.swift */; };
		73BC6D062C9BB85A007D7989 /* DateHelper.swift in Sources */ = {isa = PBXBuildFile; fileRef = 73BC6CF92C9BB85A007D7989 /* DateHelper.swift */; };
		73BC6D072C9BB85A007D7989 /* MealHelper.swift in Sources */ = {isa = PBXBuildFile; fileRef = 73BC6CFC2C9BB85A007D7989 /* MealHelper.swift */; };
		73BC6D0F2C9BB85D007D7989 /* EffectModel.swift in Sources */ = {isa = PBXBuildFile; fileRef = 73BC6D082C9BB85D007D7989 /* EffectModel.swift */; };
		73BC6D102C9BB85D007D7989 /* MealModel.swift in Sources */ = {isa = PBXBuildFile; fileRef = 73BC6D092C9BB85D007D7989 /* MealModel.swift */; };
		73BC6D112C9BB85D007D7989 /* MealModel.xcdatamodeld in Sources */ = {isa = PBXBuildFile; fileRef = 73BC6D0A2C9BB85D007D7989 /* MealModel.xcdatamodeld */; };
		73BC6D122C9BB85D007D7989 /* PersistenceController.swift in Sources */ = {isa = PBXBuildFile; fileRef = 73BC6D0B2C9BB85D007D7989 /* PersistenceController.swift */; };
		73BC6D132C9BB85D007D7989 /* ThemeModel.swift in Sources */ = {isa = PBXBuildFile; fileRef = 73BC6D0C2C9BB85D007D7989 /* ThemeModel.swift */; };
		73BC6D142C9BB85D007D7989 /* MealModel.swift in Sources */ = {isa = PBXBuildFile; fileRef = 73BC6D092C9BB85D007D7989 /* MealModel.swift */; };
		73BC6D152C9BB85D007D7989 /* MealModel.xcdatamodeld in Sources */ = {isa = PBXBuildFile; fileRef = 73BC6D0A2C9BB85D007D7989 /* MealModel.xcdatamodeld */; };
		73BC6D162C9BB85D007D7989 /* PersistenceController.swift in Sources */ = {isa = PBXBuildFile; fileRef = 73BC6D0B2C9BB85D007D7989 /* PersistenceController.swift */; };
		73BC6D172C9BB85D007D7989 /* ThemeModel.swift in Sources */ = {isa = PBXBuildFile; fileRef = 73BC6D0C2C9BB85D007D7989 /* ThemeModel.swift */; };
		73BC6D182C9BB85D007D7989 /* MealModel.swift in Sources */ = {isa = PBXBuildFile; fileRef = 73BC6D092C9BB85D007D7989 /* MealModel.swift */; };
		73BC6D192C9BB85D007D7989 /* ThemeModel.swift in Sources */ = {isa = PBXBuildFile; fileRef = 73BC6D0C2C9BB85D007D7989 /* ThemeModel.swift */; };
		73BC6D1A2C9BB85D007D7989 /* MealModel.swift in Sources */ = {isa = PBXBuildFile; fileRef = 73BC6D092C9BB85D007D7989 /* MealModel.swift */; };
		73BC6D1B2C9BB85D007D7989 /* MealModel.xcdatamodeld in Sources */ = {isa = PBXBuildFile; fileRef = 73BC6D0A2C9BB85D007D7989 /* MealModel.xcdatamodeld */; };
		73BC6D1C2C9BB85D007D7989 /* PersistenceController.swift in Sources */ = {isa = PBXBuildFile; fileRef = 73BC6D0B2C9BB85D007D7989 /* PersistenceController.swift */; };
		73BC6D242C9BB85F007D7989 /* SUIT-Bold.otf in Resources */ = {isa = PBXBuildFile; fileRef = 73BC6D1D2C9BB85F007D7989 /* SUIT-Bold.otf */; };
		73BC6D252C9BB85F007D7989 /* SUIT-Medium.otf in Resources */ = {isa = PBXBuildFile; fileRef = 73BC6D1E2C9BB85F007D7989 /* SUIT-Medium.otf */; };
		73BC6D262C9BB85F007D7989 /* SUIT-Regular.otf in Resources */ = {isa = PBXBuildFile; fileRef = 73BC6D1F2C9BB85F007D7989 /* SUIT-Regular.otf */; };
		73BC6D272C9BB85F007D7989 /* Assets.xcassets in Resources */ = {isa = PBXBuildFile; fileRef = 73BC6D212C9BB85F007D7989 /* Assets.xcassets */; };
		73BC6D282C9BB85F007D7989 /* Colors.xcassets in Resources */ = {isa = PBXBuildFile; fileRef = 73BC6D222C9BB85F007D7989 /* Colors.xcassets */; };
		73BC6D292C9BB85F007D7989 /* SUIT-Bold.otf in Resources */ = {isa = PBXBuildFile; fileRef = 73BC6D1D2C9BB85F007D7989 /* SUIT-Bold.otf */; };
		73BC6D2A2C9BB85F007D7989 /* SUIT-Medium.otf in Resources */ = {isa = PBXBuildFile; fileRef = 73BC6D1E2C9BB85F007D7989 /* SUIT-Medium.otf */; };
		73BC6D2B2C9BB85F007D7989 /* SUIT-Regular.otf in Resources */ = {isa = PBXBuildFile; fileRef = 73BC6D1F2C9BB85F007D7989 /* SUIT-Regular.otf */; };
		73BC6D2C2C9BB85F007D7989 /* Assets.xcassets in Resources */ = {isa = PBXBuildFile; fileRef = 73BC6D212C9BB85F007D7989 /* Assets.xcassets */; };
		73BC6D2D2C9BB85F007D7989 /* Colors.xcassets in Resources */ = {isa = PBXBuildFile; fileRef = 73BC6D222C9BB85F007D7989 /* Colors.xcassets */; };
		73BC6D2E2C9BB85F007D7989 /* SUIT-Bold.otf in Resources */ = {isa = PBXBuildFile; fileRef = 73BC6D1D2C9BB85F007D7989 /* SUIT-Bold.otf */; };
		73BC6D2F2C9BB85F007D7989 /* SUIT-Medium.otf in Resources */ = {isa = PBXBuildFile; fileRef = 73BC6D1E2C9BB85F007D7989 /* SUIT-Medium.otf */; };
		73BC6D302C9BB85F007D7989 /* SUIT-Regular.otf in Resources */ = {isa = PBXBuildFile; fileRef = 73BC6D1F2C9BB85F007D7989 /* SUIT-Regular.otf */; };
		73BC6D312C9BB85F007D7989 /* Assets.xcassets in Resources */ = {isa = PBXBuildFile; fileRef = 73BC6D212C9BB85F007D7989 /* Assets.xcassets */; };
		73BC6D322C9BB85F007D7989 /* Colors.xcassets in Resources */ = {isa = PBXBuildFile; fileRef = 73BC6D222C9BB85F007D7989 /* Colors.xcassets */; };
		73BC6D3F2C9BB862007D7989 /* ActivityThemeSettingsView.swift in Sources */ = {isa = PBXBuildFile; fileRef = 73BC6D332C9BB862007D7989 /* ActivityThemeSettingsView.swift */; };
		73BC6D402C9BB862007D7989 /* BackgroundThemeSettingsView.swift in Sources */ = {isa = PBXBuildFile; fileRef = 73BC6D342C9BB862007D7989 /* BackgroundThemeSettingsView.swift */; };
		73BC6D412C9BB862007D7989 /* ColorThemeSettingsView.swift in Sources */ = {isa = PBXBuildFile; fileRef = 73BC6D352C9BB862007D7989 /* ColorThemeSettingsView.swift */; };
		73BC6D422C9BB862007D7989 /* TransformEffectSettingsView.swift in Sources */ = {isa = PBXBuildFile; fileRef = 73BC6D362C9BB862007D7989 /* TransformEffectSettingsView.swift */; };
		73BC6D432C9BB862007D7989 /* BackdropBlurView.swift in Sources */ = {isa = PBXBuildFile; fileRef = 73BC6D382C9BB862007D7989 /* BackdropBlurView.swift */; };
		73BC6D442C9BB862007D7989 /* ContentView.swift in Sources */ = {isa = PBXBuildFile; fileRef = 73BC6D392C9BB862007D7989 /* ContentView.swift */; };
		73BC6D452C9BB862007D7989 /* MealView.swift in Sources */ = {isa = PBXBuildFile; fileRef = 73BC6D3A2C9BB862007D7989 /* MealView.swift */; };
		73BC6D462C9BB862007D7989 /* SettingsView.swift in Sources */ = {isa = PBXBuildFile; fileRef = 73BC6D3B2C9BB862007D7989 /* SettingsView.swift */; };
		73BC6D472C9BB862007D7989 /* TriggerButton.swift in Sources */ = {isa = PBXBuildFile; fileRef = 73BC6D3C2C9BB862007D7989 /* TriggerButton.swift */; };
		73BC6D492C9BB862007D7989 /* WidgetView.swift in Sources */ = {isa = PBXBuildFile; fileRef = 73BC6D3D2C9BB862007D7989 /* WidgetView.swift */; };
		73BC6D4A2C9BB862007D7989 /* WidgetView.swift in Sources */ = {isa = PBXBuildFile; fileRef = 73BC6D3D2C9BB862007D7989 /* WidgetView.swift */; };
		73BC6D4D2C9BB895007D7989 /* MealView.swift in Sources */ = {isa = PBXBuildFile; fileRef = 73BC6D4C2C9BB895007D7989 /* MealView.swift */; };
		73BC6D552C9BCBB9007D7989 /* StringHelper.swift in Sources */ = {isa = PBXBuildFile; fileRef = 73BC6D542C9BCBB9007D7989 /* StringHelper.swift */; };
		73BC6D562C9BCBB9007D7989 /* StringHelper.swift in Sources */ = {isa = PBXBuildFile; fileRef = 73BC6D542C9BCBB9007D7989 /* StringHelper.swift */; };
		73BC6D572C9BCBB9007D7989 /* StringHelper.swift in Sources */ = {isa = PBXBuildFile; fileRef = 73BC6D542C9BCBB9007D7989 /* StringHelper.swift */; };
		73BC6D582C9BCBB9007D7989 /* StringHelper.swift in Sources */ = {isa = PBXBuildFile; fileRef = 73BC6D542C9BCBB9007D7989 /* StringHelper.swift */; };
		FA6EF0FB2C1EDE1400B628CF /* LiveActivityAttributes.swift in Sources */ = {isa = PBXBuildFile; fileRef = FA6EF0FA2C1EDE1300B628CF /* LiveActivityAttributes.swift */; };
		FA6EF0FC2C1EDE4700B628CF /* LiveActivityAttributes.swift in Sources */ = {isa = PBXBuildFile; fileRef = FA6EF0FA2C1EDE1300B628CF /* LiveActivityAttributes.swift */; };
		FA6EF26C2C1F18BC00B628CF /* Intents.framework in Frameworks */ = {isa = PBXBuildFile; fileRef = FA6EF26B2C1F18BC00B628CF /* Intents.framework */; };
		FA6EF26F2C1F18BC00B628CF /* IntentHandler.swift in Sources */ = {isa = PBXBuildFile; fileRef = FA6EF26E2C1F18BC00B628CF /* IntentHandler.swift */; };
		FA6EF2772C1F18BC00B628CF /* IntentsUI.framework in Frameworks */ = {isa = PBXBuildFile; fileRef = FA6EF2762C1F18BC00B628CF /* IntentsUI.framework */; };
		FA6EF27A2C1F18BC00B628CF /* IntentViewController.swift in Sources */ = {isa = PBXBuildFile; fileRef = FA6EF2792C1F18BC00B628CF /* IntentViewController.swift */; };
		FA6EF2812C1F18BD00B628CF /* IntentsExtensionUI.appex in Embed Foundation Extensions */ = {isa = PBXBuildFile; fileRef = FA6EF2752C1F18BC00B628CF /* IntentsExtensionUI.appex */; settings = {ATTRIBUTES = (RemoveHeadersOnCopy, ); }; };
		FA6EF2842C1F18BD00B628CF /* IntentsExtension.appex in Embed Foundation Extensions */ = {isa = PBXBuildFile; fileRef = FA6EF26A2C1F18BC00B628CF /* IntentsExtension.appex */; settings = {ATTRIBUTES = (RemoveHeadersOnCopy, ); }; };
		FA9FA1572C1ED352000EBBF4 /* DimigoMealApp.swift in Sources */ = {isa = PBXBuildFile; fileRef = FA9FA1562C1ED352000EBBF4 /* DimigoMealApp.swift */; };
		FA9FA16C2C1ED391000EBBF4 /* WidgetKit.framework in Frameworks */ = {isa = PBXBuildFile; fileRef = FA9FA16B2C1ED391000EBBF4 /* WidgetKit.framework */; };
		FA9FA16E2C1ED391000EBBF4 /* SwiftUI.framework in Frameworks */ = {isa = PBXBuildFile; fileRef = FA9FA16D2C1ED391000EBBF4 /* SwiftUI.framework */; };
		FA9FA17B2C1ED392000EBBF4 /* LiveActivity.appex in Embed Foundation Extensions */ = {isa = PBXBuildFile; fileRef = FA9FA1692C1ED391000EBBF4 /* LiveActivity.appex */; settings = {ATTRIBUTES = (RemoveHeadersOnCopy, ); }; };
		FA9FA1852C1ED3AA000EBBF4 /* WidgetKit.framework in Frameworks */ = {isa = PBXBuildFile; fileRef = FA9FA16B2C1ED391000EBBF4 /* WidgetKit.framework */; };
		FA9FA1862C1ED3AA000EBBF4 /* SwiftUI.framework in Frameworks */ = {isa = PBXBuildFile; fileRef = FA9FA16D2C1ED391000EBBF4 /* SwiftUI.framework */; };
		FA9FA1912C1ED3AB000EBBF4 /* Widget.appex in Embed Foundation Extensions */ = {isa = PBXBuildFile; fileRef = FA9FA1842C1ED3AA000EBBF4 /* Widget.appex */; settings = {ATTRIBUTES = (RemoveHeadersOnCopy, ); }; };
		FA9FA1F52C1ED4C0000EBBF4 /* LiveActivityBundle.swift in Sources */ = {isa = PBXBuildFile; fileRef = FA9FA1F42C1ED4C0000EBBF4 /* LiveActivityBundle.swift */; };
		FA9FA1F62C1ED4C0000EBBF4 /* LiveActivity.swift in Sources */ = {isa = PBXBuildFile; fileRef = FA9FA1F32C1ED4C0000EBBF4 /* LiveActivity.swift */; };
		FA9FA1FB2C1ED4D8000EBBF4 /* Widget.swift in Sources */ = {isa = PBXBuildFile; fileRef = FA9FA1F92C1ED4D8000EBBF4 /* Widget.swift */; };
		FA9FA1FC2C1ED4D8000EBBF4 /* WidgetBundle.swift in Sources */ = {isa = PBXBuildFile; fileRef = FA9FA1FA2C1ED4D8000EBBF4 /* WidgetBundle.swift */; };
/* End PBXBuildFile section */

/* Begin PBXContainerItemProxy section */
		73137C232C9B9F2D003AFEA2 /* PBXContainerItemProxy */ = {
			isa = PBXContainerItemProxy;
			containerPortal = FA9FA14B2C1ED352000EBBF4 /* Project object */;
			proxyType = 1;
			remoteGlobalIDString = 73137C172C9B9F2C003AFEA2;
			remoteInfo = "DimigoMealWatch Watch App";
		};
		FA6EF27F2C1F18BD00B628CF /* PBXContainerItemProxy */ = {
			isa = PBXContainerItemProxy;
			containerPortal = FA9FA14B2C1ED352000EBBF4 /* Project object */;
			proxyType = 1;
			remoteGlobalIDString = FA6EF2742C1F18BC00B628CF;
			remoteInfo = IntentsExtensionUI;
		};
		FA6EF2822C1F18BD00B628CF /* PBXContainerItemProxy */ = {
			isa = PBXContainerItemProxy;
			containerPortal = FA9FA14B2C1ED352000EBBF4 /* Project object */;
			proxyType = 1;
			remoteGlobalIDString = FA6EF2692C1F18BC00B628CF;
			remoteInfo = IntentsExtension;
		};
		FA9FA1792C1ED392000EBBF4 /* PBXContainerItemProxy */ = {
			isa = PBXContainerItemProxy;
			containerPortal = FA9FA14B2C1ED352000EBBF4 /* Project object */;
			proxyType = 1;
			remoteGlobalIDString = FA9FA1682C1ED391000EBBF4;
			remoteInfo = LiveActivityExtension;
		};
		FA9FA18F2C1ED3AB000EBBF4 /* PBXContainerItemProxy */ = {
			isa = PBXContainerItemProxy;
			containerPortal = FA9FA14B2C1ED352000EBBF4 /* Project object */;
			proxyType = 1;
			remoteGlobalIDString = FA9FA1832C1ED3AA000EBBF4;
			remoteInfo = WidgetExtensionExtension;
		};
/* End PBXContainerItemProxy section */

/* Begin PBXCopyFilesBuildPhase section */
		73137C262C9B9F2D003AFEA2 /* Embed Watch Content */ = {
			isa = PBXCopyFilesBuildPhase;
			buildActionMask = 2147483647;
			dstPath = "$(CONTENTS_FOLDER_PATH)/Watch";
			dstSubfolderSpec = 16;
			files = (
				73137C252C9B9F2D003AFEA2 /* DimigoMealWatch.app in Embed Watch Content */,
			);
			name = "Embed Watch Content";
			runOnlyForDeploymentPostprocessing = 0;
		};
		FA9FA17F2C1ED392000EBBF4 /* Embed Foundation Extensions */ = {
			isa = PBXCopyFilesBuildPhase;
			buildActionMask = 12;
			dstPath = "";
			dstSubfolderSpec = 13;
			files = (
				FA6EF2842C1F18BD00B628CF /* IntentsExtension.appex in Embed Foundation Extensions */,
				FA6EF2812C1F18BD00B628CF /* IntentsExtensionUI.appex in Embed Foundation Extensions */,
				FA9FA17B2C1ED392000EBBF4 /* LiveActivity.appex in Embed Foundation Extensions */,
				FA9FA1912C1ED3AB000EBBF4 /* Widget.appex in Embed Foundation Extensions */,
			);
			name = "Embed Foundation Extensions";
			runOnlyForDeploymentPostprocessing = 0;
		};
/* End PBXCopyFilesBuildPhase section */

/* Begin PBXFileReference section */
		73137C182C9B9F2C003AFEA2 /* DimigoMealWatch.app */ = {isa = PBXFileReference; explicitFileType = wrapper.application; includeInIndex = 0; path = DimigoMealWatch.app; sourceTree = BUILT_PRODUCTS_DIR; };
		737665892C9EB17900EF2BD3 /* ko */ = {isa = PBXFileReference; lastKnownFileType = file.intentdefinition; name = ko; path = ko.lproj/Widget.intentdefinition; sourceTree = "<group>"; };
		7376658F2C9EE4A000EF2BD3 /* MainInterface.storyboard */ = {isa = PBXFileReference; lastKnownFileType = file.storyboard; path = MainInterface.storyboard; sourceTree = "<group>"; };
		73BC6CF02C9BB84A007D7989 /* ContentView.swift */ = {isa = PBXFileReference; lastKnownFileType = sourcecode.swift; path = ContentView.swift; sourceTree = "<group>"; };
		73BC6CF22C9BB84A007D7989 /* Assets.xcassets */ = {isa = PBXFileReference; lastKnownFileType = folder.assetcatalog; path = Assets.xcassets; sourceTree = "<group>"; };
		73BC6CF32C9BB84A007D7989 /* DimigoMealWatch.entitlements */ = {isa = PBXFileReference; lastKnownFileType = text.plist.entitlements; path = DimigoMealWatch.entitlements; sourceTree = "<group>"; };
		73BC6CF42C9BB84A007D7989 /* DimigoMealWatchApp.swift */ = {isa = PBXFileReference; lastKnownFileType = sourcecode.swift; path = DimigoMealWatchApp.swift; sourceTree = "<group>"; };
		73BC6CF92C9BB85A007D7989 /* DateHelper.swift */ = {isa = PBXFileReference; lastKnownFileType = sourcecode.swift; path = DateHelper.swift; sourceTree = "<group>"; };
		73BC6CFA2C9BB85A007D7989 /* EndpointHelper.swift */ = {isa = PBXFileReference; lastKnownFileType = sourcecode.swift; path = EndpointHelper.swift; sourceTree = "<group>"; };
		73BC6CFB2C9BB85A007D7989 /* LiveActivityHelper.swift */ = {isa = PBXFileReference; lastKnownFileType = sourcecode.swift; path = LiveActivityHelper.swift; sourceTree = "<group>"; };
		73BC6CFC2C9BB85A007D7989 /* MealHelper.swift */ = {isa = PBXFileReference; lastKnownFileType = sourcecode.swift; path = MealHelper.swift; sourceTree = "<group>"; };
		73BC6D082C9BB85D007D7989 /* EffectModel.swift */ = {isa = PBXFileReference; lastKnownFileType = sourcecode.swift; path = EffectModel.swift; sourceTree = "<group>"; };
		73BC6D092C9BB85D007D7989 /* MealModel.swift */ = {isa = PBXFileReference; lastKnownFileType = sourcecode.swift; path = MealModel.swift; sourceTree = "<group>"; };
		73BC6D0B2C9BB85D007D7989 /* PersistenceController.swift */ = {isa = PBXFileReference; lastKnownFileType = sourcecode.swift; path = PersistenceController.swift; sourceTree = "<group>"; };
		73BC6D0C2C9BB85D007D7989 /* ThemeModel.swift */ = {isa = PBXFileReference; lastKnownFileType = sourcecode.swift; path = ThemeModel.swift; sourceTree = "<group>"; };
		73BC6D0E2C9BB85D007D7989 /* MealModel.xcdatamodel */ = {isa = PBXFileReference; lastKnownFileType = wrapper.xcdatamodel; path = MealModel.xcdatamodel; sourceTree = "<group>"; };
		73BC6D1D2C9BB85F007D7989 /* SUIT-Bold.otf */ = {isa = PBXFileReference; lastKnownFileType = file; path = "SUIT-Bold.otf"; sourceTree = "<group>"; };
		73BC6D1E2C9BB85F007D7989 /* SUIT-Medium.otf */ = {isa = PBXFileReference; lastKnownFileType = file; path = "SUIT-Medium.otf"; sourceTree = "<group>"; };
		73BC6D1F2C9BB85F007D7989 /* SUIT-Regular.otf */ = {isa = PBXFileReference; lastKnownFileType = file; path = "SUIT-Regular.otf"; sourceTree = "<group>"; };
		73BC6D212C9BB85F007D7989 /* Assets.xcassets */ = {isa = PBXFileReference; lastKnownFileType = folder.assetcatalog; path = Assets.xcassets; sourceTree = "<group>"; };
		73BC6D222C9BB85F007D7989 /* Colors.xcassets */ = {isa = PBXFileReference; lastKnownFileType = folder.assetcatalog; path = Colors.xcassets; sourceTree = "<group>"; };
		73BC6D332C9BB862007D7989 /* ActivityThemeSettingsView.swift */ = {isa = PBXFileReference; lastKnownFileType = sourcecode.swift; path = ActivityThemeSettingsView.swift; sourceTree = "<group>"; };
		73BC6D342C9BB862007D7989 /* BackgroundThemeSettingsView.swift */ = {isa = PBXFileReference; lastKnownFileType = sourcecode.swift; path = BackgroundThemeSettingsView.swift; sourceTree = "<group>"; };
		73BC6D352C9BB862007D7989 /* ColorThemeSettingsView.swift */ = {isa = PBXFileReference; lastKnownFileType = sourcecode.swift; path = ColorThemeSettingsView.swift; sourceTree = "<group>"; };
		73BC6D362C9BB862007D7989 /* TransformEffectSettingsView.swift */ = {isa = PBXFileReference; lastKnownFileType = sourcecode.swift; path = TransformEffectSettingsView.swift; sourceTree = "<group>"; };
		73BC6D382C9BB862007D7989 /* BackdropBlurView.swift */ = {isa = PBXFileReference; lastKnownFileType = sourcecode.swift; path = BackdropBlurView.swift; sourceTree = "<group>"; };
		73BC6D392C9BB862007D7989 /* ContentView.swift */ = {isa = PBXFileReference; lastKnownFileType = sourcecode.swift; path = ContentView.swift; sourceTree = "<group>"; };
		73BC6D3A2C9BB862007D7989 /* MealView.swift */ = {isa = PBXFileReference; lastKnownFileType = sourcecode.swift; path = MealView.swift; sourceTree = "<group>"; };
		73BC6D3B2C9BB862007D7989 /* SettingsView.swift */ = {isa = PBXFileReference; lastKnownFileType = sourcecode.swift; path = SettingsView.swift; sourceTree = "<group>"; };
		73BC6D3C2C9BB862007D7989 /* TriggerButton.swift */ = {isa = PBXFileReference; lastKnownFileType = sourcecode.swift; path = TriggerButton.swift; sourceTree = "<group>"; };
		73BC6D3D2C9BB862007D7989 /* WidgetView.swift */ = {isa = PBXFileReference; lastKnownFileType = sourcecode.swift; path = WidgetView.swift; sourceTree = "<group>"; };
		73BC6D4C2C9BB895007D7989 /* MealView.swift */ = {isa = PBXFileReference; lastKnownFileType = sourcecode.swift; path = MealView.swift; sourceTree = "<group>"; };
		73BC6D542C9BCBB9007D7989 /* StringHelper.swift */ = {isa = PBXFileReference; lastKnownFileType = sourcecode.swift; path = StringHelper.swift; sourceTree = "<group>"; };
		FA6EF0F12C1EDC4A00B628CF /* Info.plist */ = {isa = PBXFileReference; lastKnownFileType = text.plist; path = Info.plist; sourceTree = "<group>"; };
		FA6EF0FA2C1EDE1300B628CF /* LiveActivityAttributes.swift */ = {isa = PBXFileReference; lastKnownFileType = sourcecode.swift; path = LiveActivityAttributes.swift; sourceTree = "<group>"; };
		FA6EF21A2C1F0C0A00B628CF /* Widget.entitlements */ = {isa = PBXFileReference; lastKnownFileType = text.plist.entitlements; path = Widget.entitlements; sourceTree = "<group>"; };
		FA6EF26A2C1F18BC00B628CF /* IntentsExtension.appex */ = {isa = PBXFileReference; explicitFileType = "wrapper.app-extension"; includeInIndex = 0; path = IntentsExtension.appex; sourceTree = BUILT_PRODUCTS_DIR; };
		FA6EF26B2C1F18BC00B628CF /* Intents.framework */ = {isa = PBXFileReference; lastKnownFileType = wrapper.framework; name = Intents.framework; path = System/Library/Frameworks/Intents.framework; sourceTree = SDKROOT; };
		FA6EF26E2C1F18BC00B628CF /* IntentHandler.swift */ = {isa = PBXFileReference; lastKnownFileType = sourcecode.swift; path = IntentHandler.swift; sourceTree = "<group>"; };
		FA6EF2702C1F18BC00B628CF /* Info.plist */ = {isa = PBXFileReference; lastKnownFileType = text.plist.xml; path = Info.plist; sourceTree = "<group>"; };
		FA6EF2752C1F18BC00B628CF /* IntentsExtensionUI.appex */ = {isa = PBXFileReference; explicitFileType = "wrapper.app-extension"; includeInIndex = 0; path = IntentsExtensionUI.appex; sourceTree = BUILT_PRODUCTS_DIR; };
		FA6EF2762C1F18BC00B628CF /* IntentsUI.framework */ = {isa = PBXFileReference; lastKnownFileType = wrapper.framework; name = IntentsUI.framework; path = System/Library/Frameworks/IntentsUI.framework; sourceTree = SDKROOT; };
		FA6EF2792C1F18BC00B628CF /* IntentViewController.swift */ = {isa = PBXFileReference; lastKnownFileType = sourcecode.swift; path = IntentViewController.swift; sourceTree = "<group>"; };
		FA6EF27E2C1F18BD00B628CF /* Info.plist */ = {isa = PBXFileReference; lastKnownFileType = text.plist.xml; path = Info.plist; sourceTree = "<group>"; };
		FA9FA1532C1ED352000EBBF4 /* DimigoMeal.app */ = {isa = PBXFileReference; explicitFileType = wrapper.application; includeInIndex = 0; path = DimigoMeal.app; sourceTree = BUILT_PRODUCTS_DIR; };
		FA9FA1562C1ED352000EBBF4 /* DimigoMealApp.swift */ = {isa = PBXFileReference; lastKnownFileType = sourcecode.swift; path = DimigoMealApp.swift; sourceTree = "<group>"; };
		FA9FA15C2C1ED354000EBBF4 /* DimigoMeal.entitlements */ = {isa = PBXFileReference; lastKnownFileType = text.plist.entitlements; path = DimigoMeal.entitlements; sourceTree = "<group>"; };
		FA9FA1692C1ED391000EBBF4 /* LiveActivity.appex */ = {isa = PBXFileReference; explicitFileType = "wrapper.app-extension"; includeInIndex = 0; path = LiveActivity.appex; sourceTree = BUILT_PRODUCTS_DIR; };
		FA9FA16B2C1ED391000EBBF4 /* WidgetKit.framework */ = {isa = PBXFileReference; lastKnownFileType = wrapper.framework; name = WidgetKit.framework; path = System/Library/Frameworks/WidgetKit.framework; sourceTree = SDKROOT; };
		FA9FA16D2C1ED391000EBBF4 /* SwiftUI.framework */ = {isa = PBXFileReference; lastKnownFileType = wrapper.framework; name = SwiftUI.framework; path = System/Library/Frameworks/SwiftUI.framework; sourceTree = SDKROOT; };
		FA9FA1842C1ED3AA000EBBF4 /* Widget.appex */ = {isa = PBXFileReference; explicitFileType = "wrapper.app-extension"; includeInIndex = 0; path = Widget.appex; sourceTree = BUILT_PRODUCTS_DIR; };
		FA9FA1F22C1ED4C0000EBBF4 /* Info.plist */ = {isa = PBXFileReference; lastKnownFileType = text.plist.xml; path = Info.plist; sourceTree = "<group>"; };
		FA9FA1F32C1ED4C0000EBBF4 /* LiveActivity.swift */ = {isa = PBXFileReference; lastKnownFileType = sourcecode.swift; path = LiveActivity.swift; sourceTree = "<group>"; };
		FA9FA1F42C1ED4C0000EBBF4 /* LiveActivityBundle.swift */ = {isa = PBXFileReference; lastKnownFileType = sourcecode.swift; path = LiveActivityBundle.swift; sourceTree = "<group>"; };
		FA9FA1F82C1ED4D8000EBBF4 /* Info.plist */ = {isa = PBXFileReference; lastKnownFileType = text.plist.xml; path = Info.plist; sourceTree = "<group>"; };
		FA9FA1F92C1ED4D8000EBBF4 /* Widget.swift */ = {isa = PBXFileReference; lastKnownFileType = sourcecode.swift; path = Widget.swift; sourceTree = "<group>"; };
		FA9FA1FA2C1ED4D8000EBBF4 /* WidgetBundle.swift */ = {isa = PBXFileReference; lastKnownFileType = sourcecode.swift; path = WidgetBundle.swift; sourceTree = "<group>"; };
/* End PBXFileReference section */

/* Begin PBXFrameworksBuildPhase section */
		73137C152C9B9F2C003AFEA2 /* Frameworks */ = {
			isa = PBXFrameworksBuildPhase;
			buildActionMask = 2147483647;
			files = (
			);
			runOnlyForDeploymentPostprocessing = 0;
		};
		FA6EF2672C1F18BC00B628CF /* Frameworks */ = {
			isa = PBXFrameworksBuildPhase;
			buildActionMask = 2147483647;
			files = (
				FA6EF26C2C1F18BC00B628CF /* Intents.framework in Frameworks */,
			);
			runOnlyForDeploymentPostprocessing = 0;
		};
		FA6EF2722C1F18BC00B628CF /* Frameworks */ = {
			isa = PBXFrameworksBuildPhase;
			buildActionMask = 2147483647;
			files = (
				FA6EF2772C1F18BC00B628CF /* IntentsUI.framework in Frameworks */,
			);
			runOnlyForDeploymentPostprocessing = 0;
		};
		FA9FA1502C1ED352000EBBF4 /* Frameworks */ = {
			isa = PBXFrameworksBuildPhase;
			buildActionMask = 2147483647;
			files = (
			);
			runOnlyForDeploymentPostprocessing = 0;
		};
		FA9FA1662C1ED391000EBBF4 /* Frameworks */ = {
			isa = PBXFrameworksBuildPhase;
			buildActionMask = 2147483647;
			files = (
				FA9FA16E2C1ED391000EBBF4 /* SwiftUI.framework in Frameworks */,
				FA9FA16C2C1ED391000EBBF4 /* WidgetKit.framework in Frameworks */,
			);
			runOnlyForDeploymentPostprocessing = 0;
		};
		FA9FA1812C1ED3AA000EBBF4 /* Frameworks */ = {
			isa = PBXFrameworksBuildPhase;
			buildActionMask = 2147483647;
			files = (
				FA9FA1862C1ED3AA000EBBF4 /* SwiftUI.framework in Frameworks */,
				FA9FA1852C1ED3AA000EBBF4 /* WidgetKit.framework in Frameworks */,
			);
			runOnlyForDeploymentPostprocessing = 0;
		};
/* End PBXFrameworksBuildPhase section */

/* Begin PBXGroup section */
		73BC6CF12C9BB84A007D7989 /* Views */ = {
			isa = PBXGroup;
			children = (
				73BC6D4C2C9BB895007D7989 /* MealView.swift */,
				73BC6CF02C9BB84A007D7989 /* ContentView.swift */,
			);
			path = Views;
			sourceTree = "<group>";
		};
		73BC6CF52C9BB84A007D7989 /* DimigoMealWatch */ = {
			isa = PBXGroup;
			children = (
				73BC6D4B2C9BB873007D7989 /* Resources */,
				73BC6CF12C9BB84A007D7989 /* Views */,
				73BC6CF42C9BB84A007D7989 /* DimigoMealWatchApp.swift */,
				73BC6CF32C9BB84A007D7989 /* DimigoMealWatch.entitlements */,
			);
			path = DimigoMealWatch;
			sourceTree = "<group>";
		};
		73BC6CFD2C9BB85A007D7989 /* Helpers */ = {
			isa = PBXGroup;
			children = (
				73BC6CF92C9BB85A007D7989 /* DateHelper.swift */,
				73BC6CFA2C9BB85A007D7989 /* EndpointHelper.swift */,
				73BC6CFB2C9BB85A007D7989 /* LiveActivityHelper.swift */,
				73BC6CFC2C9BB85A007D7989 /* MealHelper.swift */,
				73BC6D542C9BCBB9007D7989 /* StringHelper.swift */,
			);
			path = Helpers;
			sourceTree = "<group>";
		};
		73BC6D0D2C9BB85D007D7989 /* Models */ = {
			isa = PBXGroup;
			children = (
				73BC6D082C9BB85D007D7989 /* EffectModel.swift */,
				73BC6D092C9BB85D007D7989 /* MealModel.swift */,
				73BC6D0A2C9BB85D007D7989 /* MealModel.xcdatamodeld */,
				73BC6D0B2C9BB85D007D7989 /* PersistenceController.swift */,
				73BC6D0C2C9BB85D007D7989 /* ThemeModel.swift */,
			);
			path = Models;
			sourceTree = "<group>";
		};
		73BC6D202C9BB85F007D7989 /* Fonts */ = {
			isa = PBXGroup;
			children = (
				73BC6D1D2C9BB85F007D7989 /* SUIT-Bold.otf */,
				73BC6D1E2C9BB85F007D7989 /* SUIT-Medium.otf */,
				73BC6D1F2C9BB85F007D7989 /* SUIT-Regular.otf */,
			);
			path = Fonts;
			sourceTree = "<group>";
		};
		73BC6D232C9BB85F007D7989 /* Resources */ = {
			isa = PBXGroup;
			children = (
				73BC6D202C9BB85F007D7989 /* Fonts */,
				73BC6D212C9BB85F007D7989 /* Assets.xcassets */,
				73BC6D222C9BB85F007D7989 /* Colors.xcassets */,
			);
			path = Resources;
			sourceTree = "<group>";
		};
		73BC6D372C9BB862007D7989 /* Settings */ = {
			isa = PBXGroup;
			children = (
				73BC6D332C9BB862007D7989 /* ActivityThemeSettingsView.swift */,
				73BC6D342C9BB862007D7989 /* BackgroundThemeSettingsView.swift */,
				73BC6D352C9BB862007D7989 /* ColorThemeSettingsView.swift */,
				73BC6D362C9BB862007D7989 /* TransformEffectSettingsView.swift */,
			);
			path = Settings;
			sourceTree = "<group>";
		};
		73BC6D3E2C9BB862007D7989 /* Views */ = {
			isa = PBXGroup;
			children = (
				73BC6D372C9BB862007D7989 /* Settings */,
				73BC6D382C9BB862007D7989 /* BackdropBlurView.swift */,
				73BC6D3A2C9BB862007D7989 /* MealView.swift */,
				73BC6D3B2C9BB862007D7989 /* SettingsView.swift */,
				73BC6D3C2C9BB862007D7989 /* TriggerButton.swift */,
				73BC6D3D2C9BB862007D7989 /* WidgetView.swift */,
				73BC6D392C9BB862007D7989 /* ContentView.swift */,
			);
			path = Views;
			sourceTree = "<group>";
		};
		73BC6D4B2C9BB873007D7989 /* Resources */ = {
			isa = PBXGroup;
			children = (
				73BC6CF22C9BB84A007D7989 /* Assets.xcassets */,
			);
			path = Resources;
			sourceTree = "<group>";
		};
		FA6EF26D2C1F18BC00B628CF /* IntentsExtension */ = {
			isa = PBXGroup;
			children = (
				FA6EF26E2C1F18BC00B628CF /* IntentHandler.swift */,
				FA6EF2702C1F18BC00B628CF /* Info.plist */,
			);
			path = IntentsExtension;
			sourceTree = "<group>";
		};
		FA6EF2782C1F18BC00B628CF /* IntentsExtensionUI */ = {
			isa = PBXGroup;
			children = (
				7376658F2C9EE4A000EF2BD3 /* MainInterface.storyboard */,
				FA6EF2792C1F18BC00B628CF /* IntentViewController.swift */,
				FA6EF27E2C1F18BD00B628CF /* Info.plist */,
			);
			path = IntentsExtensionUI;
			sourceTree = "<group>";
		};
		FA9FA14A2C1ED352000EBBF4 = {
			isa = PBXGroup;
			children = (
				FA9FA1552C1ED352000EBBF4 /* DimigoMeal */,
				73BC6CF52C9BB84A007D7989 /* DimigoMealWatch */,
				FA9FA16F2C1ED391000EBBF4 /* LiveActivityExtension */,
				FA9FA1872C1ED3AA000EBBF4 /* WidgetExtension */,
				FA6EF26D2C1F18BC00B628CF /* IntentsExtension */,
				FA6EF2782C1F18BC00B628CF /* IntentsExtensionUI */,
				FA9FA16A2C1ED391000EBBF4 /* Frameworks */,
				FA9FA1542C1ED352000EBBF4 /* Products */,
			);
			sourceTree = "<group>";
		};
		FA9FA1542C1ED352000EBBF4 /* Products */ = {
			isa = PBXGroup;
			children = (
				FA9FA1532C1ED352000EBBF4 /* DimigoMeal.app */,
				FA9FA1692C1ED391000EBBF4 /* LiveActivity.appex */,
				FA9FA1842C1ED3AA000EBBF4 /* Widget.appex */,
				FA6EF26A2C1F18BC00B628CF /* IntentsExtension.appex */,
				FA6EF2752C1F18BC00B628CF /* IntentsExtensionUI.appex */,
				73137C182C9B9F2C003AFEA2 /* DimigoMealWatch.app */,
			);
			name = Products;
			sourceTree = "<group>";
		};
		FA9FA1552C1ED352000EBBF4 /* DimigoMeal */ = {
			isa = PBXGroup;
			children = (
				73BC6CFD2C9BB85A007D7989 /* Helpers */,
				73BC6D0D2C9BB85D007D7989 /* Models */,
				73BC6D232C9BB85F007D7989 /* Resources */,
				73BC6D3E2C9BB862007D7989 /* Views */,
				FA9FA1562C1ED352000EBBF4 /* DimigoMealApp.swift */,
				FA9FA15C2C1ED354000EBBF4 /* DimigoMeal.entitlements */,
				FA6EF0F12C1EDC4A00B628CF /* Info.plist */,
			);
			path = DimigoMeal;
			sourceTree = "<group>";
		};
		FA9FA16A2C1ED391000EBBF4 /* Frameworks */ = {
			isa = PBXGroup;
			children = (
				FA9FA16B2C1ED391000EBBF4 /* WidgetKit.framework */,
				FA9FA16D2C1ED391000EBBF4 /* SwiftUI.framework */,
				FA6EF26B2C1F18BC00B628CF /* Intents.framework */,
				FA6EF2762C1F18BC00B628CF /* IntentsUI.framework */,
			);
			name = Frameworks;
			sourceTree = "<group>";
		};
		FA9FA16F2C1ED391000EBBF4 /* LiveActivityExtension */ = {
			isa = PBXGroup;
			children = (
				FA9FA1F32C1ED4C0000EBBF4 /* LiveActivity.swift */,
				FA9FA1F42C1ED4C0000EBBF4 /* LiveActivityBundle.swift */,
				FA6EF0FA2C1EDE1300B628CF /* LiveActivityAttributes.swift */,
				FA9FA1F22C1ED4C0000EBBF4 /* Info.plist */,
			);
			path = LiveActivityExtension;
			sourceTree = "<group>";
		};
		FA9FA1872C1ED3AA000EBBF4 /* WidgetExtension */ = {
			isa = PBXGroup;
			children = (
				FA9FA1F92C1ED4D8000EBBF4 /* Widget.swift */,
				FA9FA1FA2C1ED4D8000EBBF4 /* WidgetBundle.swift */,
				7376658A2C9EB17900EF2BD3 /* Widget.intentdefinition */,
				FA6EF21A2C1F0C0A00B628CF /* Widget.entitlements */,
				FA9FA1F82C1ED4D8000EBBF4 /* Info.plist */,
			);
			path = WidgetExtension;
			sourceTree = "<group>";
		};
/* End PBXGroup section */

/* Begin PBXNativeTarget section */
		73137C172C9B9F2C003AFEA2 /* DimigoMealWatch */ = {
			isa = PBXNativeTarget;
			buildConfigurationList = 73137C292C9B9F2D003AFEA2 /* Build configuration list for PBXNativeTarget "DimigoMealWatch" */;
			buildPhases = (
				73137C142C9B9F2C003AFEA2 /* Sources */,
				73137C152C9B9F2C003AFEA2 /* Frameworks */,
				73137C162C9B9F2C003AFEA2 /* Resources */,
			);
			buildRules = (
			);
			dependencies = (
			);
			name = DimigoMealWatch;
			packageProductDependencies = (
			);
			productName = "DimigoMealWatch Watch App";
			productReference = 73137C182C9B9F2C003AFEA2 /* DimigoMealWatch.app */;
			productType = "com.apple.product-type.application";
		};
		FA6EF2692C1F18BC00B628CF /* IntentsExtension */ = {
			isa = PBXNativeTarget;
			buildConfigurationList = FA6EF2882C1F18BD00B628CF /* Build configuration list for PBXNativeTarget "IntentsExtension" */;
			buildPhases = (
				FA6EF2662C1F18BC00B628CF /* Sources */,
				FA6EF2672C1F18BC00B628CF /* Frameworks */,
				FA6EF2682C1F18BC00B628CF /* Resources */,
			);
			buildRules = (
			);
			dependencies = (
			);
			name = IntentsExtension;
			productName = IntentsExtension;
			productReference = FA6EF26A2C1F18BC00B628CF /* IntentsExtension.appex */;
			productType = "com.apple.product-type.app-extension";
		};
		FA6EF2742C1F18BC00B628CF /* IntentsExtensionUI */ = {
			isa = PBXNativeTarget;
			buildConfigurationList = FA6EF2852C1F18BD00B628CF /* Build configuration list for PBXNativeTarget "IntentsExtensionUI" */;
			buildPhases = (
				FA6EF2712C1F18BC00B628CF /* Sources */,
				FA6EF2722C1F18BC00B628CF /* Frameworks */,
				FA6EF2732C1F18BC00B628CF /* Resources */,
			);
			buildRules = (
			);
			dependencies = (
			);
			name = IntentsExtensionUI;
			productName = IntentsExtensionUI;
			productReference = FA6EF2752C1F18BC00B628CF /* IntentsExtensionUI.appex */;
			productType = "com.apple.product-type.app-extension";
		};
		FA9FA1522C1ED352000EBBF4 /* DimigoMeal */ = {
			isa = PBXNativeTarget;
			buildConfigurationList = FA9FA1622C1ED354000EBBF4 /* Build configuration list for PBXNativeTarget "DimigoMeal" */;
			buildPhases = (
				FA9FA14F2C1ED352000EBBF4 /* Sources */,
				FA9FA1502C1ED352000EBBF4 /* Frameworks */,
				FA9FA1512C1ED352000EBBF4 /* Resources */,
				FA9FA17F2C1ED392000EBBF4 /* Embed Foundation Extensions */,
				73137C262C9B9F2D003AFEA2 /* Embed Watch Content */,
			);
			buildRules = (
			);
			dependencies = (
				FA9FA17A2C1ED392000EBBF4 /* PBXTargetDependency */,
				FA9FA1902C1ED3AB000EBBF4 /* PBXTargetDependency */,
				FA6EF2802C1F18BD00B628CF /* PBXTargetDependency */,
				FA6EF2832C1F18BD00B628CF /* PBXTargetDependency */,
				73137C242C9B9F2D003AFEA2 /* PBXTargetDependency */,
			);
			name = DimigoMeal;
			productName = DimigoMeal;
			productReference = FA9FA1532C1ED352000EBBF4 /* DimigoMeal.app */;
			productType = "com.apple.product-type.application";
		};
		FA9FA1682C1ED391000EBBF4 /* LiveActivity */ = {
			isa = PBXNativeTarget;
			buildConfigurationList = FA9FA17C2C1ED392000EBBF4 /* Build configuration list for PBXNativeTarget "LiveActivity" */;
			buildPhases = (
				FA9FA1652C1ED391000EBBF4 /* Sources */,
				FA9FA1662C1ED391000EBBF4 /* Frameworks */,
				FA9FA1672C1ED391000EBBF4 /* Resources */,
			);
			buildRules = (
			);
			dependencies = (
			);
			name = LiveActivity;
			productName = LiveActivityExtension;
			productReference = FA9FA1692C1ED391000EBBF4 /* LiveActivity.appex */;
			productType = "com.apple.product-type.app-extension";
		};
		FA9FA1832C1ED3AA000EBBF4 /* Widget */ = {
			isa = PBXNativeTarget;
			buildConfigurationList = FA9FA1922C1ED3AB000EBBF4 /* Build configuration list for PBXNativeTarget "Widget" */;
			buildPhases = (
				FA9FA1802C1ED3AA000EBBF4 /* Sources */,
				FA9FA1812C1ED3AA000EBBF4 /* Frameworks */,
				FA9FA1822C1ED3AA000EBBF4 /* Resources */,
			);
			buildRules = (
			);
			dependencies = (
			);
			name = Widget;
			productName = WidgetExtensionExtension;
			productReference = FA9FA1842C1ED3AA000EBBF4 /* Widget.appex */;
			productType = "com.apple.product-type.app-extension";
		};
/* End PBXNativeTarget section */

/* Begin PBXProject section */
		FA9FA14B2C1ED352000EBBF4 /* Project object */ = {
			isa = PBXProject;
			attributes = {
				BuildIndependentTargetsInParallel = 1;
				LastSwiftUpdateCheck = 1600;
				LastUpgradeCheck = 1600;
				TargetAttributes = {
					73137C172C9B9F2C003AFEA2 = {
						CreatedOnToolsVersion = 16.0;
					};
					FA6EF2692C1F18BC00B628CF = {
						CreatedOnToolsVersion = 16.0;
					};
					FA6EF2742C1F18BC00B628CF = {
						CreatedOnToolsVersion = 16.0;
					};
					FA9FA1522C1ED352000EBBF4 = {
						CreatedOnToolsVersion = 16.0;
					};
					FA9FA1682C1ED391000EBBF4 = {
						CreatedOnToolsVersion = 16.0;
					};
					FA9FA1832C1ED3AA000EBBF4 = {
						CreatedOnToolsVersion = 16.0;
					};
				};
			};
			buildConfigurationList = FA9FA14E2C1ED352000EBBF4 /* Build configuration list for PBXProject "DimigoMeal" */;
			compatibilityVersion = "Xcode 15.0";
			developmentRegion = ko;
			hasScannedForEncodings = 0;
			knownRegions = (
				ko,
			);
			mainGroup = FA9FA14A2C1ED352000EBBF4;
			productRefGroup = FA9FA1542C1ED352000EBBF4 /* Products */;
			projectDirPath = "";
			projectRoot = "";
			targets = (
				FA9FA1522C1ED352000EBBF4 /* DimigoMeal */,
				73137C172C9B9F2C003AFEA2 /* DimigoMealWatch */,
				FA9FA1682C1ED391000EBBF4 /* LiveActivity */,
				FA9FA1832C1ED3AA000EBBF4 /* Widget */,
				FA6EF2692C1F18BC00B628CF /* IntentsExtension */,
				FA6EF2742C1F18BC00B628CF /* IntentsExtensionUI */,
			);
		};
/* End PBXProject section */

/* Begin PBXResourcesBuildPhase section */
		73137C162C9B9F2C003AFEA2 /* Resources */ = {
			isa = PBXResourcesBuildPhase;
			buildActionMask = 2147483647;
			files = (
				73BC6CF82C9BB84A007D7989 /* Assets.xcassets in Resources */,
			);
			runOnlyForDeploymentPostprocessing = 0;
		};
		FA6EF2682C1F18BC00B628CF /* Resources */ = {
			isa = PBXResourcesBuildPhase;
			buildActionMask = 2147483647;
			files = (
			);
			runOnlyForDeploymentPostprocessing = 0;
		};
		FA6EF2732C1F18BC00B628CF /* Resources */ = {
			isa = PBXResourcesBuildPhase;
			buildActionMask = 2147483647;
			files = (
				737665902C9EE4A000EF2BD3 /* MainInterface.storyboard in Resources */,
			);
			runOnlyForDeploymentPostprocessing = 0;
		};
		FA9FA1512C1ED352000EBBF4 /* Resources */ = {
			isa = PBXResourcesBuildPhase;
			buildActionMask = 2147483647;
			files = (
				73BC6D242C9BB85F007D7989 /* SUIT-Bold.otf in Resources */,
				73BC6D252C9BB85F007D7989 /* SUIT-Medium.otf in Resources */,
				73BC6D262C9BB85F007D7989 /* SUIT-Regular.otf in Resources */,
				73BC6D272C9BB85F007D7989 /* Assets.xcassets in Resources */,
				73BC6D282C9BB85F007D7989 /* Colors.xcassets in Resources */,
			);
			runOnlyForDeploymentPostprocessing = 0;
		};
		FA9FA1672C1ED391000EBBF4 /* Resources */ = {
			isa = PBXResourcesBuildPhase;
			buildActionMask = 2147483647;
			files = (
				73BC6D292C9BB85F007D7989 /* SUIT-Bold.otf in Resources */,
				73BC6D2A2C9BB85F007D7989 /* SUIT-Medium.otf in Resources */,
				73BC6D2B2C9BB85F007D7989 /* SUIT-Regular.otf in Resources */,
				73BC6D2C2C9BB85F007D7989 /* Assets.xcassets in Resources */,
				73BC6D2D2C9BB85F007D7989 /* Colors.xcassets in Resources */,
			);
			runOnlyForDeploymentPostprocessing = 0;
		};
		FA9FA1822C1ED3AA000EBBF4 /* Resources */ = {
			isa = PBXResourcesBuildPhase;
			buildActionMask = 2147483647;
			files = (
				73BC6D2E2C9BB85F007D7989 /* SUIT-Bold.otf in Resources */,
				73BC6D2F2C9BB85F007D7989 /* SUIT-Medium.otf in Resources */,
				73BC6D302C9BB85F007D7989 /* SUIT-Regular.otf in Resources */,
				73BC6D312C9BB85F007D7989 /* Assets.xcassets in Resources */,
				73BC6D322C9BB85F007D7989 /* Colors.xcassets in Resources */,
			);
			runOnlyForDeploymentPostprocessing = 0;
		};
/* End PBXResourcesBuildPhase section */

/* Begin PBXSourcesBuildPhase section */
		73137C142C9B9F2C003AFEA2 /* Sources */ = {
			isa = PBXSourcesBuildPhase;
			buildActionMask = 2147483647;
			files = (
				73BC6CF62C9BB84A007D7989 /* ContentView.swift in Sources */,
				73BC6CF72C9BB84A007D7989 /* DimigoMealWatchApp.swift in Sources */,
				73BC6D022C9BB85A007D7989 /* DateHelper.swift in Sources */,
				73BC6D142C9BB85D007D7989 /* MealModel.swift in Sources */,
				73BC6D152C9BB85D007D7989 /* MealModel.xcdatamodeld in Sources */,
				73BC6D4D2C9BB895007D7989 /* MealView.swift in Sources */,
				73BC6D162C9BB85D007D7989 /* PersistenceController.swift in Sources */,
				73BC6D032C9BB85A007D7989 /* EndpointHelper.swift in Sources */,
				73BC6D562C9BCBB9007D7989 /* StringHelper.swift in Sources */,
				73BC6D042C9BB85A007D7989 /* MealHelper.swift in Sources */,
			);
			runOnlyForDeploymentPostprocessing = 0;
		};
		FA6EF2662C1F18BC00B628CF /* Sources */ = {
			isa = PBXSourcesBuildPhase;
			buildActionMask = 2147483647;
			files = (
				7376658D2C9EB17900EF2BD3 /* Widget.intentdefinition in Sources */,
				FA6EF26F2C1F18BC00B628CF /* IntentHandler.swift in Sources */,
			);
			runOnlyForDeploymentPostprocessing = 0;
		};
		FA6EF2712C1F18BC00B628CF /* Sources */ = {
			isa = PBXSourcesBuildPhase;
			buildActionMask = 2147483647;
			files = (
				7376658E2C9EB17900EF2BD3 /* Widget.intentdefinition in Sources */,
				FA6EF27A2C1F18BC00B628CF /* IntentViewController.swift in Sources */,
			);
			runOnlyForDeploymentPostprocessing = 0;
		};
		FA9FA14F2C1ED352000EBBF4 /* Sources */ = {
			isa = PBXSourcesBuildPhase;
			buildActionMask = 2147483647;
			files = (
				73BC6CFE2C9BB85A007D7989 /* DateHelper.swift in Sources */,
				73BC6CFF2C9BB85A007D7989 /* EndpointHelper.swift in Sources */,
				73BC6D552C9BCBB9007D7989 /* StringHelper.swift in Sources */,
				73BC6D002C9BB85A007D7989 /* LiveActivityHelper.swift in Sources */,
				73BC6D012C9BB85A007D7989 /* MealHelper.swift in Sources */,
				7376658B2C9EB17900EF2BD3 /* Widget.intentdefinition in Sources */,
				FA9FA1572C1ED352000EBBF4 /* DimigoMealApp.swift in Sources */,
				FA6EF0FC2C1EDE4700B628CF /* LiveActivityAttributes.swift in Sources */,
				73BC6D0F2C9BB85D007D7989 /* EffectModel.swift in Sources */,
				73BC6D102C9BB85D007D7989 /* MealModel.swift in Sources */,
				73BC6D112C9BB85D007D7989 /* MealModel.xcdatamodeld in Sources */,
				73BC6D122C9BB85D007D7989 /* PersistenceController.swift in Sources */,
				73BC6D132C9BB85D007D7989 /* ThemeModel.swift in Sources */,
				73BC6D3F2C9BB862007D7989 /* ActivityThemeSettingsView.swift in Sources */,
				73BC6D402C9BB862007D7989 /* BackgroundThemeSettingsView.swift in Sources */,
				73BC6D412C9BB862007D7989 /* ColorThemeSettingsView.swift in Sources */,
				73BC6D422C9BB862007D7989 /* TransformEffectSettingsView.swift in Sources */,
				73BC6D432C9BB862007D7989 /* BackdropBlurView.swift in Sources */,
				73BC6D442C9BB862007D7989 /* ContentView.swift in Sources */,
				73BC6D452C9BB862007D7989 /* MealView.swift in Sources */,
				73BC6D462C9BB862007D7989 /* SettingsView.swift in Sources */,
				73BC6D472C9BB862007D7989 /* TriggerButton.swift in Sources */,
			);
			runOnlyForDeploymentPostprocessing = 0;
		};
		FA9FA1652C1ED391000EBBF4 /* Sources */ = {
			isa = PBXSourcesBuildPhase;
			buildActionMask = 2147483647;
			files = (
				FA9FA1F52C1ED4C0000EBBF4 /* LiveActivityBundle.swift in Sources */,
				FA9FA1F62C1ED4C0000EBBF4 /* LiveActivity.swift in Sources */,
				73BC6D492C9BB862007D7989 /* WidgetView.swift in Sources */,
				73BC6D172C9BB85D007D7989 /* ThemeModel.swift in Sources */,
				73BC6D572C9BCBB9007D7989 /* StringHelper.swift in Sources */,
				73BC6D182C9BB85D007D7989 /* MealModel.swift in Sources */,
				73BC6D052C9BB85A007D7989 /* DateHelper.swift in Sources */,
				FA6EF0FB2C1EDE1400B628CF /* LiveActivityAttributes.swift in Sources */,
			);
			runOnlyForDeploymentPostprocessing = 0;
		};
		FA9FA1802C1ED3AA000EBBF4 /* Sources */ = {
			isa = PBXSourcesBuildPhase;
			buildActionMask = 2147483647;
			files = (
				7376658C2C9EB17900EF2BD3 /* Widget.intentdefinition in Sources */,
				73BC6D192C9BB85D007D7989 /* ThemeModel.swift in Sources */,
				73BC6D582C9BCBB9007D7989 /* StringHelper.swift in Sources */,
				73BC6D1A2C9BB85D007D7989 /* MealModel.swift in Sources */,
				73BC6D1B2C9BB85D007D7989 /* MealModel.xcdatamodeld in Sources */,
				73BC6D4A2C9BB862007D7989 /* WidgetView.swift in Sources */,
				73BC6D1C2C9BB85D007D7989 /* PersistenceController.swift in Sources */,
				FA9FA1FB2C1ED4D8000EBBF4 /* Widget.swift in Sources */,
				FA9FA1FC2C1ED4D8000EBBF4 /* WidgetBundle.swift in Sources */,
				73BC6D062C9BB85A007D7989 /* DateHelper.swift in Sources */,
				73BC6D072C9BB85A007D7989 /* MealHelper.swift in Sources */,
			);
			runOnlyForDeploymentPostprocessing = 0;
		};
/* End PBXSourcesBuildPhase section */

/* Begin PBXTargetDependency section */
		73137C242C9B9F2D003AFEA2 /* PBXTargetDependency */ = {
			isa = PBXTargetDependency;
			target = 73137C172C9B9F2C003AFEA2 /* DimigoMealWatch */;
			targetProxy = 73137C232C9B9F2D003AFEA2 /* PBXContainerItemProxy */;
		};
		FA6EF2802C1F18BD00B628CF /* PBXTargetDependency */ = {
			isa = PBXTargetDependency;
			target = FA6EF2742C1F18BC00B628CF /* IntentsExtensionUI */;
			targetProxy = FA6EF27F2C1F18BD00B628CF /* PBXContainerItemProxy */;
		};
		FA6EF2832C1F18BD00B628CF /* PBXTargetDependency */ = {
			isa = PBXTargetDependency;
			target = FA6EF2692C1F18BC00B628CF /* IntentsExtension */;
			targetProxy = FA6EF2822C1F18BD00B628CF /* PBXContainerItemProxy */;
		};
		FA9FA17A2C1ED392000EBBF4 /* PBXTargetDependency */ = {
			isa = PBXTargetDependency;
			target = FA9FA1682C1ED391000EBBF4 /* LiveActivity */;
			targetProxy = FA9FA1792C1ED392000EBBF4 /* PBXContainerItemProxy */;
		};
		FA9FA1902C1ED3AB000EBBF4 /* PBXTargetDependency */ = {
			isa = PBXTargetDependency;
			target = FA9FA1832C1ED3AA000EBBF4 /* Widget */;
			targetProxy = FA9FA18F2C1ED3AB000EBBF4 /* PBXContainerItemProxy */;
		};
/* End PBXTargetDependency section */

/* Begin PBXVariantGroup section */
		7376658A2C9EB17900EF2BD3 /* Widget.intentdefinition */ = {
			isa = PBXVariantGroup;
			children = (
				737665892C9EB17900EF2BD3 /* ko */,
			);
			name = Widget.intentdefinition;
			sourceTree = "<group>";
		};
/* End PBXVariantGroup section */

/* Begin XCBuildConfiguration section */
		73137C272C9B9F2D003AFEA2 /* Debug */ = {
			isa = XCBuildConfiguration;
			buildSettings = {
				ASSETCATALOG_COMPILER_APPICON_NAME = AppIcon;
				ASSETCATALOG_COMPILER_GLOBAL_ACCENT_COLOR_NAME = AccentColor;
				CODE_SIGN_ENTITLEMENTS = DimigoMealWatch/DimigoMealWatch.entitlements;
				CODE_SIGN_STYLE = Automatic;
				CURRENT_PROJECT_VERSION = "$(CURRENT_PROJECT_VERSION)";
				DEVELOPMENT_ASSET_PATHS = "";
				DEVELOPMENT_TEAM = 55RQQG4L55;
				ENABLE_PREVIEWS = YES;
				GENERATE_INFOPLIST_FILE = YES;
				INFOPLIST_KEY_CFBundleDisplayName = "디미고 급식";
				INFOPLIST_KEY_UISupportedInterfaceOrientations = "UIInterfaceOrientationPortrait UIInterfaceOrientationPortraitUpsideDown";
				INFOPLIST_KEY_WKCompanionAppBundleIdentifier = kr.isamin.dimigomeal;
				INFOPLIST_KEY_WKRunsIndependentlyOfCompanionApp = YES;
				LD_RUNPATH_SEARCH_PATHS = (
					"$(inherited)",
					"@executable_path/Frameworks",
				);
				MARKETING_VERSION = "$(MARKETING_VERSION)";
				PRODUCT_BUNDLE_IDENTIFIER = kr.isamin.dimigomeal.watch;
				PRODUCT_NAME = "$(TARGET_NAME)";
				SDKROOT = watchos;
				SKIP_INSTALL = YES;
				SWIFT_EMIT_LOC_STRINGS = YES;
				SWIFT_VERSION = 5.0;
				TARGETED_DEVICE_FAMILY = 4;
				WATCHOS_DEPLOYMENT_TARGET = 10.0;
			};
			name = Debug;
		};
		73137C282C9B9F2D003AFEA2 /* Release */ = {
			isa = XCBuildConfiguration;
			buildSettings = {
				ASSETCATALOG_COMPILER_APPICON_NAME = AppIcon;
				ASSETCATALOG_COMPILER_GLOBAL_ACCENT_COLOR_NAME = AccentColor;
				CODE_SIGN_ENTITLEMENTS = DimigoMealWatch/DimigoMealWatch.entitlements;
				CODE_SIGN_STYLE = Automatic;
				CURRENT_PROJECT_VERSION = "$(CURRENT_PROJECT_VERSION)";
				DEVELOPMENT_ASSET_PATHS = "";
				DEVELOPMENT_TEAM = 55RQQG4L55;
				ENABLE_PREVIEWS = YES;
				GENERATE_INFOPLIST_FILE = YES;
				INFOPLIST_KEY_CFBundleDisplayName = "디미고 급식";
				INFOPLIST_KEY_UISupportedInterfaceOrientations = "UIInterfaceOrientationPortrait UIInterfaceOrientationPortraitUpsideDown";
				INFOPLIST_KEY_WKCompanionAppBundleIdentifier = kr.isamin.dimigomeal;
				INFOPLIST_KEY_WKRunsIndependentlyOfCompanionApp = YES;
				LD_RUNPATH_SEARCH_PATHS = (
					"$(inherited)",
					"@executable_path/Frameworks",
				);
				MARKETING_VERSION = "$(MARKETING_VERSION)";
				PRODUCT_BUNDLE_IDENTIFIER = kr.isamin.dimigomeal.watch;
				PRODUCT_NAME = "$(TARGET_NAME)";
				SDKROOT = watchos;
				SKIP_INSTALL = YES;
				SWIFT_EMIT_LOC_STRINGS = YES;
				SWIFT_VERSION = 5.0;
				TARGETED_DEVICE_FAMILY = 4;
				VALIDATE_PRODUCT = YES;
				WATCHOS_DEPLOYMENT_TARGET = 10.0;
			};
			name = Release;
		};
		FA6EF2862C1F18BD00B628CF /* Debug */ = {
			isa = XCBuildConfiguration;
			buildSettings = {
				CODE_SIGN_STYLE = Automatic;
				CURRENT_PROJECT_VERSION = "$(CURRENT_PROJECT_VERSION)";
				DEVELOPMENT_TEAM = 55RQQG4L55;
				GENERATE_INFOPLIST_FILE = YES;
				INFOPLIST_FILE = IntentsExtensionUI/Info.plist;
				INFOPLIST_KEY_CFBundleDisplayName = IntentsExtensionUI;
				INFOPLIST_KEY_NSHumanReadableCopyright = "";
				IPHONEOS_DEPLOYMENT_TARGET = 17.0;
				LD_RUNPATH_SEARCH_PATHS = (
					"$(inherited)",
					"@executable_path/Frameworks",
					"@executable_path/../../Frameworks",
				);
				MARKETING_VERSION = "$(MARKETING_VERSION)";
				PRODUCT_BUNDLE_IDENTIFIER = kr.isamin.dimigomeal.intentsextensionui;
				PRODUCT_NAME = "$(TARGET_NAME)";
				SDKROOT = iphoneos;
				SKIP_INSTALL = YES;
				SUPPORTED_PLATFORMS = "iphoneos iphonesimulator";
				SUPPORTS_MACCATALYST = NO;
				SUPPORTS_MAC_DESIGNED_FOR_IPHONE_IPAD = NO;
				SUPPORTS_XR_DESIGNED_FOR_IPHONE_IPAD = NO;
				SWIFT_EMIT_LOC_STRINGS = YES;
				SWIFT_VERSION = 5.0;
				TARGETED_DEVICE_FAMILY = "1,2";
			};
			name = Debug;
		};
		FA6EF2872C1F18BD00B628CF /* Release */ = {
			isa = XCBuildConfiguration;
			buildSettings = {
				CODE_SIGN_STYLE = Automatic;
				CURRENT_PROJECT_VERSION = "$(CURRENT_PROJECT_VERSION)";
				DEVELOPMENT_TEAM = 55RQQG4L55;
				GENERATE_INFOPLIST_FILE = YES;
				INFOPLIST_FILE = IntentsExtensionUI/Info.plist;
				INFOPLIST_KEY_CFBundleDisplayName = IntentsExtensionUI;
				INFOPLIST_KEY_NSHumanReadableCopyright = "";
				IPHONEOS_DEPLOYMENT_TARGET = 17.0;
				LD_RUNPATH_SEARCH_PATHS = (
					"$(inherited)",
					"@executable_path/Frameworks",
					"@executable_path/../../Frameworks",
				);
				MARKETING_VERSION = "$(MARKETING_VERSION)";
				PRODUCT_BUNDLE_IDENTIFIER = kr.isamin.dimigomeal.intentsextensionui;
				PRODUCT_NAME = "$(TARGET_NAME)";
				SDKROOT = iphoneos;
				SKIP_INSTALL = YES;
				SUPPORTED_PLATFORMS = "iphoneos iphonesimulator";
				SUPPORTS_MACCATALYST = NO;
				SUPPORTS_MAC_DESIGNED_FOR_IPHONE_IPAD = NO;
				SUPPORTS_XR_DESIGNED_FOR_IPHONE_IPAD = NO;
				SWIFT_EMIT_LOC_STRINGS = YES;
				SWIFT_VERSION = 5.0;
				TARGETED_DEVICE_FAMILY = "1,2";
				VALIDATE_PRODUCT = YES;
			};
			name = Release;
		};
		FA6EF2892C1F18BD00B628CF /* Debug */ = {
			isa = XCBuildConfiguration;
			buildSettings = {
				CODE_SIGN_STYLE = Automatic;
				CURRENT_PROJECT_VERSION = "$(CURRENT_PROJECT_VERSION)";
				DEVELOPMENT_TEAM = 55RQQG4L55;
				GENERATE_INFOPLIST_FILE = YES;
				INFOPLIST_FILE = IntentsExtension/Info.plist;
				INFOPLIST_KEY_CFBundleDisplayName = IntentsExtension;
				INFOPLIST_KEY_NSHumanReadableCopyright = "";
				IPHONEOS_DEPLOYMENT_TARGET = 17.0;
				LD_RUNPATH_SEARCH_PATHS = (
					"$(inherited)",
					"@executable_path/Frameworks",
					"@executable_path/../../Frameworks",
				);
				MARKETING_VERSION = "$(MARKETING_VERSION)";
				PRODUCT_BUNDLE_IDENTIFIER = kr.isamin.dimigomeal.intentsextension;
				PRODUCT_NAME = "$(TARGET_NAME)";
				SDKROOT = iphoneos;
				SKIP_INSTALL = YES;
				SUPPORTED_PLATFORMS = "iphoneos iphonesimulator";
				SUPPORTS_MACCATALYST = NO;
				SUPPORTS_MAC_DESIGNED_FOR_IPHONE_IPAD = NO;
				SUPPORTS_XR_DESIGNED_FOR_IPHONE_IPAD = NO;
				SWIFT_EMIT_LOC_STRINGS = YES;
				SWIFT_VERSION = 5.0;
				TARGETED_DEVICE_FAMILY = "1,2";
			};
			name = Debug;
		};
		FA6EF28A2C1F18BD00B628CF /* Release */ = {
			isa = XCBuildConfiguration;
			buildSettings = {
				CODE_SIGN_STYLE = Automatic;
				CURRENT_PROJECT_VERSION = "$(CURRENT_PROJECT_VERSION)";
				DEVELOPMENT_TEAM = 55RQQG4L55;
				GENERATE_INFOPLIST_FILE = YES;
				INFOPLIST_FILE = IntentsExtension/Info.plist;
				INFOPLIST_KEY_CFBundleDisplayName = IntentsExtension;
				INFOPLIST_KEY_NSHumanReadableCopyright = "";
				IPHONEOS_DEPLOYMENT_TARGET = 17.0;
				LD_RUNPATH_SEARCH_PATHS = (
					"$(inherited)",
					"@executable_path/Frameworks",
					"@executable_path/../../Frameworks",
				);
				MARKETING_VERSION = "$(MARKETING_VERSION)";
				PRODUCT_BUNDLE_IDENTIFIER = kr.isamin.dimigomeal.intentsextension;
				PRODUCT_NAME = "$(TARGET_NAME)";
				SDKROOT = iphoneos;
				SKIP_INSTALL = YES;
				SUPPORTED_PLATFORMS = "iphoneos iphonesimulator";
				SUPPORTS_MACCATALYST = NO;
				SUPPORTS_MAC_DESIGNED_FOR_IPHONE_IPAD = NO;
				SUPPORTS_XR_DESIGNED_FOR_IPHONE_IPAD = NO;
				SWIFT_EMIT_LOC_STRINGS = YES;
				SWIFT_VERSION = 5.0;
				TARGETED_DEVICE_FAMILY = "1,2";
				VALIDATE_PRODUCT = YES;
			};
			name = Release;
		};
		FA9FA1602C1ED354000EBBF4 /* Debug */ = {
			isa = XCBuildConfiguration;
			buildSettings = {
				ALWAYS_SEARCH_USER_PATHS = NO;
				ASSETCATALOG_COMPILER_GENERATE_SWIFT_ASSET_SYMBOL_EXTENSIONS = YES;
				CLANG_ANALYZER_LOCALIZABILITY_NONLOCALIZED = YES;
				CLANG_ANALYZER_NONNULL = YES;
				CLANG_ANALYZER_NUMBER_OBJECT_CONVERSION = YES_AGGRESSIVE;
				CLANG_CXX_LANGUAGE_STANDARD = "gnu++20";
				CLANG_ENABLE_MODULES = YES;
				CLANG_ENABLE_OBJC_ARC = YES;
				CLANG_ENABLE_OBJC_WEAK = YES;
				CLANG_WARN_BLOCK_CAPTURE_AUTORELEASING = YES;
				CLANG_WARN_BOOL_CONVERSION = YES;
				CLANG_WARN_COMMA = YES;
				CLANG_WARN_CONSTANT_CONVERSION = YES;
				CLANG_WARN_DEPRECATED_OBJC_IMPLEMENTATIONS = YES;
				CLANG_WARN_DIRECT_OBJC_ISA_USAGE = YES_ERROR;
				CLANG_WARN_DOCUMENTATION_COMMENTS = YES;
				CLANG_WARN_EMPTY_BODY = YES;
				CLANG_WARN_ENUM_CONVERSION = YES;
				CLANG_WARN_INFINITE_RECURSION = YES;
				CLANG_WARN_INT_CONVERSION = YES;
				CLANG_WARN_NON_LITERAL_NULL_CONVERSION = YES;
				CLANG_WARN_OBJC_IMPLICIT_RETAIN_SELF = YES;
				CLANG_WARN_OBJC_LITERAL_CONVERSION = YES;
				CLANG_WARN_OBJC_ROOT_CLASS = YES_ERROR;
				CLANG_WARN_QUOTED_INCLUDE_IN_FRAMEWORK_HEADER = YES;
				CLANG_WARN_RANGE_LOOP_ANALYSIS = YES;
				CLANG_WARN_STRICT_PROTOTYPES = YES;
				CLANG_WARN_SUSPICIOUS_MOVE = YES;
				CLANG_WARN_UNGUARDED_AVAILABILITY = YES_AGGRESSIVE;
				CLANG_WARN_UNREACHABLE_CODE = YES;
				CLANG_WARN__DUPLICATE_METHOD_MATCH = YES;
				COPY_PHASE_STRIP = NO;
				CURRENT_PROJECT_VERSION = 1;
				DEBUG_INFORMATION_FORMAT = dwarf;
				ENABLE_STRICT_OBJC_MSGSEND = YES;
				ENABLE_TESTABILITY = YES;
				ENABLE_USER_SCRIPT_SANDBOXING = YES;
				GCC_C_LANGUAGE_STANDARD = gnu17;
				GCC_DYNAMIC_NO_PIC = NO;
				GCC_NO_COMMON_BLOCKS = YES;
				GCC_OPTIMIZATION_LEVEL = 0;
				GCC_PREPROCESSOR_DEFINITIONS = (
					"DEBUG=1",
					"$(inherited)",
				);
				GCC_WARN_64_TO_32_BIT_CONVERSION = YES;
				GCC_WARN_ABOUT_RETURN_TYPE = YES_ERROR;
				GCC_WARN_UNDECLARED_SELECTOR = YES;
				GCC_WARN_UNINITIALIZED_AUTOS = YES_AGGRESSIVE;
				GCC_WARN_UNUSED_FUNCTION = YES;
				GCC_WARN_UNUSED_VARIABLE = YES;
				LOCALIZATION_PREFERS_STRING_CATALOGS = YES;
				MARKETING_VERSION = 1.0.6;
				MTL_ENABLE_DEBUG_INFO = INCLUDE_SOURCE;
				MTL_FAST_MATH = YES;
				ONLY_ACTIVE_ARCH = YES;
				SWIFT_ACTIVE_COMPILATION_CONDITIONS = "DEBUG $(inherited)";
				SWIFT_OPTIMIZATION_LEVEL = "-Onone";
			};
			name = Debug;
		};
		FA9FA1612C1ED354000EBBF4 /* Release */ = {
			isa = XCBuildConfiguration;
			buildSettings = {
				ALWAYS_SEARCH_USER_PATHS = NO;
				ASSETCATALOG_COMPILER_GENERATE_SWIFT_ASSET_SYMBOL_EXTENSIONS = YES;
				CLANG_ANALYZER_LOCALIZABILITY_NONLOCALIZED = YES;
				CLANG_ANALYZER_NONNULL = YES;
				CLANG_ANALYZER_NUMBER_OBJECT_CONVERSION = YES_AGGRESSIVE;
				CLANG_CXX_LANGUAGE_STANDARD = "gnu++20";
				CLANG_ENABLE_MODULES = YES;
				CLANG_ENABLE_OBJC_ARC = YES;
				CLANG_ENABLE_OBJC_WEAK = YES;
				CLANG_WARN_BLOCK_CAPTURE_AUTORELEASING = YES;
				CLANG_WARN_BOOL_CONVERSION = YES;
				CLANG_WARN_COMMA = YES;
				CLANG_WARN_CONSTANT_CONVERSION = YES;
				CLANG_WARN_DEPRECATED_OBJC_IMPLEMENTATIONS = YES;
				CLANG_WARN_DIRECT_OBJC_ISA_USAGE = YES_ERROR;
				CLANG_WARN_DOCUMENTATION_COMMENTS = YES;
				CLANG_WARN_EMPTY_BODY = YES;
				CLANG_WARN_ENUM_CONVERSION = YES;
				CLANG_WARN_INFINITE_RECURSION = YES;
				CLANG_WARN_INT_CONVERSION = YES;
				CLANG_WARN_NON_LITERAL_NULL_CONVERSION = YES;
				CLANG_WARN_OBJC_IMPLICIT_RETAIN_SELF = YES;
				CLANG_WARN_OBJC_LITERAL_CONVERSION = YES;
				CLANG_WARN_OBJC_ROOT_CLASS = YES_ERROR;
				CLANG_WARN_QUOTED_INCLUDE_IN_FRAMEWORK_HEADER = YES;
				CLANG_WARN_RANGE_LOOP_ANALYSIS = YES;
				CLANG_WARN_STRICT_PROTOTYPES = YES;
				CLANG_WARN_SUSPICIOUS_MOVE = YES;
				CLANG_WARN_UNGUARDED_AVAILABILITY = YES_AGGRESSIVE;
				CLANG_WARN_UNREACHABLE_CODE = YES;
				CLANG_WARN__DUPLICATE_METHOD_MATCH = YES;
				COPY_PHASE_STRIP = NO;
				CURRENT_PROJECT_VERSION = 1;
				DEBUG_INFORMATION_FORMAT = "dwarf-with-dsym";
				ENABLE_NS_ASSERTIONS = NO;
				ENABLE_STRICT_OBJC_MSGSEND = YES;
				ENABLE_USER_SCRIPT_SANDBOXING = YES;
				GCC_C_LANGUAGE_STANDARD = gnu17;
				GCC_NO_COMMON_BLOCKS = YES;
				GCC_WARN_64_TO_32_BIT_CONVERSION = YES;
				GCC_WARN_ABOUT_RETURN_TYPE = YES_ERROR;
				GCC_WARN_UNDECLARED_SELECTOR = YES;
				GCC_WARN_UNINITIALIZED_AUTOS = YES_AGGRESSIVE;
				GCC_WARN_UNUSED_FUNCTION = YES;
				GCC_WARN_UNUSED_VARIABLE = YES;
				LOCALIZATION_PREFERS_STRING_CATALOGS = YES;
				MARKETING_VERSION = 1.0.6;
				MTL_ENABLE_DEBUG_INFO = NO;
				MTL_FAST_MATH = YES;
				SWIFT_COMPILATION_MODE = wholemodule;
			};
			name = Release;
		};
		FA9FA1632C1ED354000EBBF4 /* Debug */ = {
			isa = XCBuildConfiguration;
			buildSettings = {
				ASSETCATALOG_COMPILER_APPICON_NAME = AppIcon;
				ASSETCATALOG_COMPILER_GLOBAL_ACCENT_COLOR_NAME = AccentColor;
				CODE_SIGN_ENTITLEMENTS = DimigoMeal/DimigoMeal.entitlements;
				CODE_SIGN_STYLE = Automatic;
				CURRENT_PROJECT_VERSION = "$(CURRENT_PROJECT_VERSION)";
				DEVELOPMENT_TEAM = 55RQQG4L55;
				ENABLE_HARDENED_RUNTIME = YES;
				ENABLE_PREVIEWS = YES;
				GENERATE_INFOPLIST_FILE = YES;
				INFOPLIST_FILE = DimigoMeal/Info.plist;
				INFOPLIST_KEY_CFBundleDisplayName = "디미고 급식";
				INFOPLIST_KEY_LSApplicationCategoryType = "public.app-category.lifestyle";
				INFOPLIST_KEY_NSSupportsLiveActivities = YES;
				"INFOPLIST_KEY_UIApplicationSceneManifest_Generation[sdk=iphoneos*]" = YES;
				"INFOPLIST_KEY_UIApplicationSceneManifest_Generation[sdk=iphonesimulator*]" = YES;
				"INFOPLIST_KEY_UIApplicationSupportsIndirectInputEvents[sdk=iphoneos*]" = YES;
				"INFOPLIST_KEY_UIApplicationSupportsIndirectInputEvents[sdk=iphonesimulator*]" = YES;
				"INFOPLIST_KEY_UILaunchScreen_Generation[sdk=iphoneos*]" = YES;
				"INFOPLIST_KEY_UILaunchScreen_Generation[sdk=iphonesimulator*]" = YES;
				"INFOPLIST_KEY_UIStatusBarStyle[sdk=iphoneos*]" = UIStatusBarStyleDefault;
				"INFOPLIST_KEY_UIStatusBarStyle[sdk=iphonesimulator*]" = UIStatusBarStyleDefault;
				INFOPLIST_KEY_UISupportedInterfaceOrientations = UIInterfaceOrientationPortrait;
				INFOPLIST_KEY_UISupportedInterfaceOrientations_iPad = "UIInterfaceOrientationLandscapeLeft UIInterfaceOrientationLandscapeRight UIInterfaceOrientationPortrait UIInterfaceOrientationPortraitUpsideDown";
				IPHONEOS_DEPLOYMENT_TARGET = 17.0;
				LD_RUNPATH_SEARCH_PATHS = "@executable_path/Frameworks";
				"LD_RUNPATH_SEARCH_PATHS[sdk=macosx*]" = "@executable_path/../Frameworks";
				MACOSX_DEPLOYMENT_TARGET = 15.0;
				MARKETING_VERSION = "$(MARKETING_VERSION)";
				PRODUCT_BUNDLE_IDENTIFIER = kr.isamin.dimigomeal;
				PRODUCT_NAME = "$(TARGET_NAME)";
				REGISTER_APP_GROUPS = NO;
				SDKROOT = auto;
				SUPPORTED_PLATFORMS = "iphoneos iphonesimulator";
				SUPPORTS_MACCATALYST = NO;
				SWIFT_EMIT_LOC_STRINGS = YES;
				SWIFT_VERSION = 5.0;
				TARGETED_DEVICE_FAMILY = "1,2";
				XROS_DEPLOYMENT_TARGET = 2.0;
			};
			name = Debug;
		};
		FA9FA1642C1ED354000EBBF4 /* Release */ = {
			isa = XCBuildConfiguration;
			buildSettings = {
				ASSETCATALOG_COMPILER_APPICON_NAME = AppIcon;
				ASSETCATALOG_COMPILER_GLOBAL_ACCENT_COLOR_NAME = AccentColor;
				CODE_SIGN_ENTITLEMENTS = DimigoMeal/DimigoMeal.entitlements;
				CODE_SIGN_STYLE = Automatic;
				CURRENT_PROJECT_VERSION = "$(CURRENT_PROJECT_VERSION)";
				DEVELOPMENT_TEAM = 55RQQG4L55;
				ENABLE_HARDENED_RUNTIME = YES;
				ENABLE_PREVIEWS = YES;
				GENERATE_INFOPLIST_FILE = YES;
				INFOPLIST_FILE = DimigoMeal/Info.plist;
				INFOPLIST_KEY_CFBundleDisplayName = "디미고 급식";
				INFOPLIST_KEY_LSApplicationCategoryType = "public.app-category.lifestyle";
				INFOPLIST_KEY_NSSupportsLiveActivities = YES;
				"INFOPLIST_KEY_UIApplicationSceneManifest_Generation[sdk=iphoneos*]" = YES;
				"INFOPLIST_KEY_UIApplicationSceneManifest_Generation[sdk=iphonesimulator*]" = YES;
				"INFOPLIST_KEY_UIApplicationSupportsIndirectInputEvents[sdk=iphoneos*]" = YES;
				"INFOPLIST_KEY_UIApplicationSupportsIndirectInputEvents[sdk=iphonesimulator*]" = YES;
				"INFOPLIST_KEY_UILaunchScreen_Generation[sdk=iphoneos*]" = YES;
				"INFOPLIST_KEY_UILaunchScreen_Generation[sdk=iphonesimulator*]" = YES;
				"INFOPLIST_KEY_UIStatusBarStyle[sdk=iphoneos*]" = UIStatusBarStyleDefault;
				"INFOPLIST_KEY_UIStatusBarStyle[sdk=iphonesimulator*]" = UIStatusBarStyleDefault;
				INFOPLIST_KEY_UISupportedInterfaceOrientations = UIInterfaceOrientationPortrait;
				INFOPLIST_KEY_UISupportedInterfaceOrientations_iPad = "UIInterfaceOrientationLandscapeLeft UIInterfaceOrientationLandscapeRight UIInterfaceOrientationPortrait UIInterfaceOrientationPortraitUpsideDown";
				IPHONEOS_DEPLOYMENT_TARGET = 17.0;
				LD_RUNPATH_SEARCH_PATHS = "@executable_path/Frameworks";
				"LD_RUNPATH_SEARCH_PATHS[sdk=macosx*]" = "@executable_path/../Frameworks";
				MACOSX_DEPLOYMENT_TARGET = 15.0;
				MARKETING_VERSION = "$(MARKETING_VERSION)";
				PRODUCT_BUNDLE_IDENTIFIER = kr.isamin.dimigomeal;
				PRODUCT_NAME = "$(TARGET_NAME)";
				REGISTER_APP_GROUPS = NO;
				SDKROOT = auto;
				SUPPORTED_PLATFORMS = "iphoneos iphonesimulator";
				SUPPORTS_MACCATALYST = NO;
				SWIFT_EMIT_LOC_STRINGS = YES;
				SWIFT_VERSION = 5.0;
				TARGETED_DEVICE_FAMILY = "1,2";
				XROS_DEPLOYMENT_TARGET = 2.0;
			};
			name = Release;
		};
		FA9FA17D2C1ED392000EBBF4 /* Debug */ = {
			isa = XCBuildConfiguration;
			buildSettings = {
				ASSETCATALOG_COMPILER_GLOBAL_ACCENT_COLOR_NAME = AccentColor;
				ASSETCATALOG_COMPILER_WIDGET_BACKGROUND_COLOR_NAME = "";
				CODE_SIGN_STYLE = Automatic;
				CURRENT_PROJECT_VERSION = "$(CURRENT_PROJECT_VERSION)";
				DEVELOPMENT_TEAM = 55RQQG4L55;
				GENERATE_INFOPLIST_FILE = YES;
				INFOPLIST_FILE = LiveActivityExtension/Info.plist;
				INFOPLIST_KEY_CFBundleDisplayName = LiveActivityExtension;
				INFOPLIST_KEY_NSHumanReadableCopyright = "";
				IPHONEOS_DEPLOYMENT_TARGET = 17.0;
				LD_RUNPATH_SEARCH_PATHS = (
					"$(inherited)",
					"@executable_path/Frameworks",
					"@executable_path/../../Frameworks",
				);
				MARKETING_VERSION = "$(MARKETING_VERSION)";
				PRODUCT_BUNDLE_IDENTIFIER = kr.isamin.dimigomeal.liveactivity;
				PRODUCT_NAME = "$(TARGET_NAME)";
				SDKROOT = iphoneos;
				SKIP_INSTALL = YES;
				SUPPORTED_PLATFORMS = "iphoneos iphonesimulator";
				SUPPORTS_MACCATALYST = NO;
				SUPPORTS_MAC_DESIGNED_FOR_IPHONE_IPAD = NO;
				SUPPORTS_XR_DESIGNED_FOR_IPHONE_IPAD = NO;
				SWIFT_EMIT_LOC_STRINGS = YES;
				SWIFT_VERSION = 5.0;
				TARGETED_DEVICE_FAMILY = "1,2";
			};
			name = Debug;
		};
		FA9FA17E2C1ED392000EBBF4 /* Release */ = {
			isa = XCBuildConfiguration;
			buildSettings = {
				ASSETCATALOG_COMPILER_GLOBAL_ACCENT_COLOR_NAME = AccentColor;
				ASSETCATALOG_COMPILER_WIDGET_BACKGROUND_COLOR_NAME = "";
				CODE_SIGN_STYLE = Automatic;
				CURRENT_PROJECT_VERSION = "$(CURRENT_PROJECT_VERSION)";
				DEVELOPMENT_TEAM = 55RQQG4L55;
				GENERATE_INFOPLIST_FILE = YES;
				INFOPLIST_FILE = LiveActivityExtension/Info.plist;
				INFOPLIST_KEY_CFBundleDisplayName = LiveActivityExtension;
				INFOPLIST_KEY_NSHumanReadableCopyright = "";
				IPHONEOS_DEPLOYMENT_TARGET = 17.0;
				LD_RUNPATH_SEARCH_PATHS = (
					"$(inherited)",
					"@executable_path/Frameworks",
					"@executable_path/../../Frameworks",
				);
				MARKETING_VERSION = "$(MARKETING_VERSION)";
				PRODUCT_BUNDLE_IDENTIFIER = kr.isamin.dimigomeal.liveactivity;
				PRODUCT_NAME = "$(TARGET_NAME)";
				SDKROOT = iphoneos;
				SKIP_INSTALL = YES;
				SUPPORTED_PLATFORMS = "iphoneos iphonesimulator";
				SUPPORTS_MACCATALYST = NO;
				SUPPORTS_MAC_DESIGNED_FOR_IPHONE_IPAD = NO;
				SUPPORTS_XR_DESIGNED_FOR_IPHONE_IPAD = NO;
				SWIFT_EMIT_LOC_STRINGS = YES;
				SWIFT_VERSION = 5.0;
				TARGETED_DEVICE_FAMILY = "1,2";
				VALIDATE_PRODUCT = YES;
			};
			name = Release;
		};
		FA9FA1932C1ED3AB000EBBF4 /* Debug */ = {
			isa = XCBuildConfiguration;
			buildSettings = {
				ASSETCATALOG_COMPILER_GLOBAL_ACCENT_COLOR_NAME = AccentColor;
				ASSETCATALOG_COMPILER_WIDGET_BACKGROUND_COLOR_NAME = "";
				CODE_SIGN_ENTITLEMENTS = WidgetExtension/Widget.entitlements;
				CODE_SIGN_STYLE = Automatic;
				CURRENT_PROJECT_VERSION = "$(CURRENT_PROJECT_VERSION)";
				DEVELOPMENT_TEAM = 55RQQG4L55;
				GENERATE_INFOPLIST_FILE = YES;
				INFOPLIST_FILE = WidgetExtension/Info.plist;
				INFOPLIST_KEY_CFBundleDisplayName = WidgetExtension;
				INFOPLIST_KEY_NSHumanReadableCopyright = "";
				IPHONEOS_DEPLOYMENT_TARGET = 17.0;
				LD_RUNPATH_SEARCH_PATHS = (
					"$(inherited)",
					"@executable_path/Frameworks",
					"@executable_path/../../Frameworks",
				);
				MARKETING_VERSION = "$(MARKETING_VERSION)";
				PRODUCT_BUNDLE_IDENTIFIER = kr.isamin.dimigomeal.widget;
				PRODUCT_NAME = "$(TARGET_NAME)";
				SDKROOT = iphoneos;
				SKIP_INSTALL = YES;
				SUPPORTED_PLATFORMS = "iphoneos iphonesimulator";
				SUPPORTS_MACCATALYST = NO;
				SUPPORTS_MAC_DESIGNED_FOR_IPHONE_IPAD = NO;
				SUPPORTS_XR_DESIGNED_FOR_IPHONE_IPAD = NO;
				SWIFT_EMIT_LOC_STRINGS = YES;
				SWIFT_VERSION = 5.0;
				TARGETED_DEVICE_FAMILY = "1,2";
			};
			name = Debug;
		};
		FA9FA1942C1ED3AB000EBBF4 /* Release */ = {
			isa = XCBuildConfiguration;
			buildSettings = {
				ASSETCATALOG_COMPILER_GLOBAL_ACCENT_COLOR_NAME = AccentColor;
				ASSETCATALOG_COMPILER_WIDGET_BACKGROUND_COLOR_NAME = "";
				CODE_SIGN_ENTITLEMENTS = WidgetExtension/Widget.entitlements;
				CODE_SIGN_STYLE = Automatic;
				CURRENT_PROJECT_VERSION = "$(CURRENT_PROJECT_VERSION)";
				DEVELOPMENT_TEAM = 55RQQG4L55;
				GENERATE_INFOPLIST_FILE = YES;
				INFOPLIST_FILE = WidgetExtension/Info.plist;
				INFOPLIST_KEY_CFBundleDisplayName = WidgetExtension;
				INFOPLIST_KEY_NSHumanReadableCopyright = "";
				IPHONEOS_DEPLOYMENT_TARGET = 17.0;
				LD_RUNPATH_SEARCH_PATHS = (
					"$(inherited)",
					"@executable_path/Frameworks",
					"@executable_path/../../Frameworks",
				);
				MARKETING_VERSION = "$(MARKETING_VERSION)";
				PRODUCT_BUNDLE_IDENTIFIER = kr.isamin.dimigomeal.widget;
				PRODUCT_NAME = "$(TARGET_NAME)";
				SDKROOT = iphoneos;
				SKIP_INSTALL = YES;
				SUPPORTED_PLATFORMS = "iphoneos iphonesimulator";
				SUPPORTS_MACCATALYST = NO;
				SUPPORTS_MAC_DESIGNED_FOR_IPHONE_IPAD = NO;
				SUPPORTS_XR_DESIGNED_FOR_IPHONE_IPAD = NO;
				SWIFT_EMIT_LOC_STRINGS = YES;
				SWIFT_VERSION = 5.0;
				TARGETED_DEVICE_FAMILY = "1,2";
				VALIDATE_PRODUCT = YES;
			};
			name = Release;
		};
/* End XCBuildConfiguration section */

/* Begin XCConfigurationList section */
		73137C292C9B9F2D003AFEA2 /* Build configuration list for PBXNativeTarget "DimigoMealWatch" */ = {
			isa = XCConfigurationList;
			buildConfigurations = (
				73137C272C9B9F2D003AFEA2 /* Debug */,
				73137C282C9B9F2D003AFEA2 /* Release */,
			);
			defaultConfigurationIsVisible = 0;
			defaultConfigurationName = Release;
		};
		FA6EF2852C1F18BD00B628CF /* Build configuration list for PBXNativeTarget "IntentsExtensionUI" */ = {
			isa = XCConfigurationList;
			buildConfigurations = (
				FA6EF2862C1F18BD00B628CF /* Debug */,
				FA6EF2872C1F18BD00B628CF /* Release */,
			);
			defaultConfigurationIsVisible = 0;
			defaultConfigurationName = Release;
		};
		FA6EF2882C1F18BD00B628CF /* Build configuration list for PBXNativeTarget "IntentsExtension" */ = {
			isa = XCConfigurationList;
			buildConfigurations = (
				FA6EF2892C1F18BD00B628CF /* Debug */,
				FA6EF28A2C1F18BD00B628CF /* Release */,
			);
			defaultConfigurationIsVisible = 0;
			defaultConfigurationName = Release;
		};
		FA9FA14E2C1ED352000EBBF4 /* Build configuration list for PBXProject "DimigoMeal" */ = {
			isa = XCConfigurationList;
			buildConfigurations = (
				FA9FA1602C1ED354000EBBF4 /* Debug */,
				FA9FA1612C1ED354000EBBF4 /* Release */,
			);
			defaultConfigurationIsVisible = 0;
			defaultConfigurationName = Release;
		};
		FA9FA1622C1ED354000EBBF4 /* Build configuration list for PBXNativeTarget "DimigoMeal" */ = {
			isa = XCConfigurationList;
			buildConfigurations = (
				FA9FA1632C1ED354000EBBF4 /* Debug */,
				FA9FA1642C1ED354000EBBF4 /* Release */,
			);
			defaultConfigurationIsVisible = 0;
			defaultConfigurationName = Release;
		};
		FA9FA17C2C1ED392000EBBF4 /* Build configuration list for PBXNativeTarget "LiveActivity" */ = {
			isa = XCConfigurationList;
			buildConfigurations = (
				FA9FA17D2C1ED392000EBBF4 /* Debug */,
				FA9FA17E2C1ED392000EBBF4 /* Release */,
			);
			defaultConfigurationIsVisible = 0;
			defaultConfigurationName = Release;
		};
		FA9FA1922C1ED3AB000EBBF4 /* Build configuration list for PBXNativeTarget "Widget" */ = {
			isa = XCConfigurationList;
			buildConfigurations = (
				FA9FA1932C1ED3AB000EBBF4 /* Debug */,
				FA9FA1942C1ED3AB000EBBF4 /* Release */,
			);
			defaultConfigurationIsVisible = 0;
			defaultConfigurationName = Release;
		};
/* End XCConfigurationList section */

/* Begin XCVersionGroup section */
		73BC6D0A2C9BB85D007D7989 /* MealModel.xcdatamodeld */ = {
			isa = XCVersionGroup;
			children = (
				73BC6D0E2C9BB85D007D7989 /* MealModel.xcdatamodel */,
			);
			currentVersion = 73BC6D0E2C9BB85D007D7989 /* MealModel.xcdatamodel */;
			path = MealModel.xcdatamodeld;
			sourceTree = "<group>";
			versionGroupType = wrapper.xcdatamodel;
		};
/* End XCVersionGroup section */
	};
	rootObject = FA9FA14B2C1ED352000EBBF4 /* Project object */;
}
